PODS:
  - 1PasswordExtension (1.6.4)
  - ActionSheetPicker-3.0 (2.0.3)
  - AFNetworking (2.6.3):
    - AFNetworking/NSURLConnection (= 2.6.3)
    - AFNetworking/NSURLSession (= 2.6.3)
    - AFNetworking/Reachability (= 2.6.3)
    - AFNetworking/Security (= 2.6.3)
    - AFNetworking/Serialization (= 2.6.3)
    - AFNetworking/UIKit (= 2.6.3)
  - AFNetworking/NSURLConnection (2.6.3):
    - AFNetworking/Reachability
    - AFNetworking/Security
    - AFNetworking/Serialization
  - AFNetworking/NSURLSession (2.6.3):
    - AFNetworking/Reachability
    - AFNetworking/Security
    - AFNetworking/Serialization
  - AFNetworking/Reachability (2.6.3)
  - AFNetworking/Security (2.6.3)
  - AFNetworking/Serialization (2.6.3)
  - AFNetworking/UIKit (2.6.3):
    - AFNetworking/NSURLConnection
    - AFNetworking/NSURLSession
  - CocoaLumberjack (2.2.0):
    - CocoaLumberjack/Default (= 2.2.0)
    - CocoaLumberjack/Extensions (= 2.2.0)
  - CocoaLumberjack/Core (2.2.0)
  - CocoaLumberjack/Default (2.2.0):
    - CocoaLumberjack/Core
  - CocoaLumberjack/Extensions (2.2.0):
    - CocoaLumberjack/Default
  - Crashlytics (3.4.0):
    - Fabric (~> 1.6.0)
  - Fabric (1.6.0):
    - Fabric/Base (= 1.6.0)
  - Fabric/Base (1.6.0)
  - FMDB (2.5):
    - FMDB/standard (= 2.5)
  - FMDB/common (2.5)
  - FMDB/standard (2.5):
    - FMDB/common
  - JTSImageViewController (1.5)
  - KissXML (5.1.2)
  - Mantle (2.0.5):
    - Mantle/extobjc (= 2.0.5)
  - Mantle/extobjc (2.0.5)
  - Masonry (0.6.3)
  - Reachability (3.2)
  - Reveal-iOS-SDK (1.6.2)
  - SVWebViewController (1.0)
  - YapDatabase (2.7.6):
    - YapDatabase/standard (= 2.7.6)
  - YapDatabase/standard (2.7.6):
    - CocoaLumberjack (~> 2)
  - YYText (0.9.4)

DEPENDENCIES:
  - 1PasswordExtension
  - ActionSheetPicker-3.0
  - AFNetworking
  - Crashlytics
  - Fabric
  - FMDB
  - JTSImageViewController (from `https://github.com/ainopara/JTSImageViewController.git`)
  - KissXML (from `https://github.com/ainopara/KissXML.git`)
  - Mantle
  - Masonry
  - Reachability
  - Reveal-iOS-SDK
  - SVWebViewController (from `https://github.com/ainopara/SVWebViewController.git`)
  - YapDatabase (from `https://github.com/ainopara/YapDatabase.git`, branch `with-all-modification`)
  - YYText

EXTERNAL SOURCES:
  JTSImageViewController:
    :git: https://github.com/ainopara/JTSImageViewController.git
  KissXML:
    :git: https://github.com/ainopara/KissXML.git
  SVWebViewController:
    :git: https://github.com/ainopara/SVWebViewController.git
  YapDatabase:
    :branch: with-all-modification
    :git: https://github.com/ainopara/YapDatabase.git

CHECKOUT OPTIONS:
  JTSImageViewController:
    :commit: 12714a9cc2100923a7234cbc9fa60772305096aa
    :git: https://github.com/ainopara/JTSImageViewController.git
  KissXML:
    :commit: df903a27cd23ac35e9ee423669c1c75abc9870ca
    :git: https://github.com/ainopara/KissXML.git
  SVWebViewController:
    :commit: 92f562d46c00ddff80237338250b4eba7010377e
    :git: https://github.com/ainopara/SVWebViewController.git
  YapDatabase:
    :commit: 03d08511a5d6f61ffedfd86c6f92e6d29f426c27
    :git: https://github.com/ainopara/YapDatabase.git

SPEC CHECKSUMS:
  1PasswordExtension: 9f471645d378283cb88c6d4bf502e4381a42c0ad
  ActionSheetPicker-3.0: 11f2053085d3088dc1ef9d38a9f11c18b528dd9e
  AFNetworking: cb8d14a848e831097108418f5d49217339d4eb60
  CocoaLumberjack: 17fe8581f84914d5d7e6360f7c70022b173c3ae0
  Crashlytics: 1ee87895c37472eb3f01f409ea1654a464d2f8d4
  Fabric: d737eda3a26ac940a5430230eedb35f16b226131
  FMDB: 96e8f1bcc1329e269330f99770ad4285d9003e52
  JTSImageViewController: 89ae3c003060c65418fd3224ebbd67acc6046608
  KissXML: d7c00ddd6e237d7bca4e546e1e3da8565a75544f
  Mantle: 1912395033f601de5adc8ee91e48f46e4c7051ad
  Masonry: ff105a956abcd19a618b2028b121cb638d7a8e2f
  Reachability: 33e18b67625424e47b6cde6d202dce689ad7af96
  Reveal-iOS-SDK: e2250b3c155bcfac53ae223ddc1f76d08f206c33
  SVWebViewController: aa2e18a41ff5f45be7aeec8e92ca5bcc50b5ebb1
  YapDatabase: 00e5a5d1b5dba1bd540ef644576233b5612e6122
  YYText: 67a80bd0ac293832dae4830c7e25f837ffd99488

COCOAPODS: 0.39.0
