PODS:
  - 1PasswordExtension (1.2)
  - ActionSheetPicker-3.0 (1.6.2)
  - AFNetworking (2.5.4):
    - AFNetworking/NSURLConnection (= 2.5.4)
    - AFNetworking/NSURLSession (= 2.5.4)
    - AFNetworking/Reachability (= 2.5.4)
    - AFNetworking/Security (= 2.5.4)
    - AFNetworking/Serialization (= 2.5.4)
    - AFNetworking/UIKit (= 2.5.4)
  - AFNetworking/NSURLConnection (2.5.4):
    - AFNetworking/Reachability
    - AFNetworking/Security
    - AFNetworking/Serialization
  - AFNetworking/NSURLSession (2.5.4):
    - AFNetworking/Reachability
    - AFNetworking/Security
    - AFNetworking/Serialization
  - AFNetworking/Reachability (2.5.4)
  - AFNetworking/Security (2.5.4)
  - AFNetworking/Serialization (2.5.4)
  - AFNetworking/UIKit (2.5.4):
    - AFNetworking/NSURLConnection
    - AFNetworking/NSURLSession
  - FMDB (2.5):
    - FMDB/standard (= 2.5)
  - FMDB/common (2.5)
  - FMDB/standard (2.5):
    - FMDB/common
  - IMQuickSearch (1.2.0)
  - JTSImageViewController (1.5)
  - KissXML (5.1.2)
  - Mantle (2.0.2):
    - Mantle/extobjc (= 2.0.2)
  - Mantle/extobjc (2.0.2)
  - Masonry (0.6.1)
  - Reveal-iOS-SDK (1.5.1)
  - SVWebViewController (1.0)

DEPENDENCIES:
  - 1PasswordExtension
  - ActionSheetPicker-3.0
  - AFNetworking
  - FMDB
  - IMQuickSearch
  - JTSImageViewController (from `https://github.com/ainopara/JTSImageViewController.git`)
  - KissXML (from `https://github.com/ainopara/KissXML.git`)
  - Mantle
  - Masonry
  - Reveal-iOS-SDK
  - SVWebViewController (from `https://github.com/ainopara/SVWebViewController.git`)

EXTERNAL SOURCES:
  JTSImageViewController:
    :git: https://github.com/ainopara/JTSImageViewController.git
  KissXML:
    :git: https://github.com/ainopara/KissXML.git
  SVWebViewController:
    :git: https://github.com/ainopara/SVWebViewController.git

CHECKOUT OPTIONS:
  JTSImageViewController:
    :commit: b675586a5d3e63ded1dfaaa657bab75442332a0a
    :git: https://github.com/ainopara/JTSImageViewController.git
  KissXML:
    :commit: df903a27cd23ac35e9ee423669c1c75abc9870ca
    :git: https://github.com/ainopara/KissXML.git
  SVWebViewController:
    :commit: 92f562d46c00ddff80237338250b4eba7010377e
    :git: https://github.com/ainopara/SVWebViewController.git

SPEC CHECKSUMS:
  1PasswordExtension: fcf300204bda5b5c78936dbb937a7d661f1ca796
  ActionSheetPicker-3.0: cc9f90ae785070623e9b972270013c3242190fb0
  AFNetworking: 05edc0ac4c4c8cf57bcf4b84be5b0744b6d8e71e
  FMDB: 96e8f1bcc1329e269330f99770ad4285d9003e52
  IMQuickSearch: 351fda5dcf33428bf04c28213b984d66015b691d
  JTSImageViewController: 89ae3c003060c65418fd3224ebbd67acc6046608
  KissXML: d7c00ddd6e237d7bca4e546e1e3da8565a75544f
  Mantle: 967fd31ea0220890b2e76589198996b534bb3fb1
  Masonry: 4972309f2f134de9dd312f4dc4a21359b50e6caa
  Reveal-iOS-SDK: c9c55cad2729c85f6ced415f1b21857c9a2d8ef9
  SVWebViewController: aa2e18a41ff5f45be7aeec8e92ca5bcc50b5ebb1

COCOAPODS: 0.37.2
