PODS:
  - 1PasswordExtension (1.8.5)
  - AcknowList (1.6)
  - ActionSheetPicker-3.0 (2.3.0)
  - AFNetworking (3.2.1):
    - AFNetworking/NSURLSession (= 3.2.1)
    - AFNetworking/Reachability (= 3.2.1)
    - AFNetworking/Security (= 3.2.1)
    - AFNetworking/Serialization (= 3.2.1)
    - AFNetworking/UIKit (= 3.2.1)
  - AFNetworking/NSURLSession (3.2.1):
    - AFNetworking/Reachability
    - AFNetworking/Security
    - AFNetworking/Serialization
  - AFNetworking/Reachability (3.2.1)
  - AFNetworking/Security (3.2.1)
  - AFNetworking/Serialization (3.2.1)
  - AFNetworking/UIKit (3.2.1):
    - AFNetworking/NSURLSession
  - Alamofire (4.7.2)
  - AlamofireImage (3.3.1):
    - Alamofire (~> 4.5)
  - CocoaLumberjack (3.4.2):
    - CocoaLumberjack/Default (= 3.4.2)
    - CocoaLumberjack/Extensions (= 3.4.2)
  - CocoaLumberjack/Default (3.4.2)
  - CocoaLumberjack/Extensions (3.4.2):
    - CocoaLumberjack/Default
  - CocoaLumberjack/Swift (3.4.2):
    - CocoaLumberjack/Default
  - Crashlytics (3.10.2):
    - Fabric (~> 1.7.7)
  - CrashlyticsLogger (0.2.0):
    - CrashlyticsLogger/Formatters (= 0.2.0)
    - CrashlyticsLogger/Loggers (= 0.2.0)
    - CrashlyticsLogger/LogViewers (= 0.2.0)
  - CrashlyticsLogger/Formatters (0.2.0):
    - CocoaLumberjack
  - CrashlyticsLogger/Loggers (0.2.0):
    - CocoaLumberjack
    - Crashlytics
  - CrashlyticsLogger/LogViewers (0.2.0):
    - CrashlyticsLogger/Loggers
    - SnapKit
  - DeviceKit (1.7.0)
  - Fabric (1.7.7)
  - FBSnapshotTestCase (2.1.4):
    - FBSnapshotTestCase/SwiftSupport (= 2.1.4)
  - FBSnapshotTestCase/Core (2.1.4)
  - FBSnapshotTestCase/SwiftSupport (2.1.4):
    - FBSnapshotTestCase/Core
  - Files (2.2.1)
  - FMDB (2.7.2):
    - FMDB/standard (= 2.7.2)
  - FMDB/standard (2.7.2)
  - GRMustache.swift (2.0.0)
  - GYHttpMock (1.0.1)
  - JTSImageViewController (1.5)
  - KIF (3.7.3):
    - KIF/Core (= 3.7.3)
  - KIF/Core (3.7.3)
  - KissXML (5.1.2):
    - KissXML/Core (= 5.1.2)
  - KissXML/Core (5.1.2)
  - Masonry (1.1.0)
  - QuickTableViewController (0.9.1)
  - Reachability (3.2)
  - ReactiveCocoa (7.2.0):
    - ReactiveSwift (~> 3.1)
  - ReactiveSwift (3.1.0):
    - Result (~> 3.2)
  - Result (3.2.4)
  - Reveal-SDK (15)
  - SnapKit (4.0.0)
  - SwiftyJSON (4.1.0)
  - TextAttributes (1.0)
  - YapDatabase (3.0.2):
    - YapDatabase/Standard (= 3.0.2)
  - YapDatabase/Standard (3.0.2):
    - YapDatabase/Standard/Core (= 3.0.2)
    - YapDatabase/Standard/Extensions (= 3.0.2)
  - YapDatabase/Standard/Core (3.0.2):
    - CocoaLumberjack
  - YapDatabase/Standard/Extensions (3.0.2):
    - YapDatabase/Standard/Core
    - YapDatabase/Standard/Extensions/ActionManager (= 3.0.2)
    - YapDatabase/Standard/Extensions/AutoView (= 3.0.2)
    - YapDatabase/Standard/Extensions/CloudCore (= 3.0.2)
    - YapDatabase/Standard/Extensions/CloudKit (= 3.0.2)
    - YapDatabase/Standard/Extensions/ConnectionPool (= 3.0.2)
    - YapDatabase/Standard/Extensions/ConnectionProxy (= 3.0.2)
    - YapDatabase/Standard/Extensions/CrossProcessNotification (= 3.0.2)
    - YapDatabase/Standard/Extensions/FilteredView (= 3.0.2)
    - YapDatabase/Standard/Extensions/FullTextSearch (= 3.0.2)
    - YapDatabase/Standard/Extensions/Hooks (= 3.0.2)
    - YapDatabase/Standard/Extensions/ManualView (= 3.0.2)
    - YapDatabase/Standard/Extensions/Relationships (= 3.0.2)
    - YapDatabase/Standard/Extensions/RTreeIndex (= 3.0.2)
    - YapDatabase/Standard/Extensions/SearchResultsView (= 3.0.2)
    - YapDatabase/Standard/Extensions/SecondaryIndex (= 3.0.2)
    - YapDatabase/Standard/Extensions/View (= 3.0.2)
  - YapDatabase/Standard/Extensions/ActionManager (3.0.2):
    - YapDatabase/Standard/Core
    - YapDatabase/Standard/Extensions/AutoView
  - YapDatabase/Standard/Extensions/AutoView (3.0.2):
    - YapDatabase/Standard/Core
    - YapDatabase/Standard/Extensions/View
  - YapDatabase/Standard/Extensions/CloudCore (3.0.2):
    - YapDatabase/Standard/Core
  - YapDatabase/Standard/Extensions/CloudKit (3.0.2):
    - YapDatabase/Standard/Core
  - YapDatabase/Standard/Extensions/ConnectionPool (3.0.2):
    - YapDatabase/Standard/Core
  - YapDatabase/Standard/Extensions/ConnectionProxy (3.0.2):
    - YapDatabase/Standard/Core
  - YapDatabase/Standard/Extensions/CrossProcessNotification (3.0.2):
    - YapDatabase/Standard/Core
  - YapDatabase/Standard/Extensions/FilteredView (3.0.2):
    - YapDatabase/Standard/Core
    - YapDatabase/Standard/Extensions/View
  - YapDatabase/Standard/Extensions/FullTextSearch (3.0.2):
    - YapDatabase/Standard/Core
  - YapDatabase/Standard/Extensions/Hooks (3.0.2):
    - YapDatabase/Standard/Core
  - YapDatabase/Standard/Extensions/ManualView (3.0.2):
    - YapDatabase/Standard/Core
    - YapDatabase/Standard/Extensions/View
  - YapDatabase/Standard/Extensions/Relationships (3.0.2):
    - YapDatabase/Standard/Core
  - YapDatabase/Standard/Extensions/RTreeIndex (3.0.2):
    - YapDatabase/Standard/Core
  - YapDatabase/Standard/Extensions/SearchResultsView (3.0.2):
    - YapDatabase/Standard/Core
    - YapDatabase/Standard/Extensions/AutoView
    - YapDatabase/Standard/Extensions/FullTextSearch
  - YapDatabase/Standard/Extensions/SecondaryIndex (3.0.2):
    - YapDatabase/Standard/Core
  - YapDatabase/Standard/Extensions/View (3.0.2):
    - YapDatabase/Standard/Core
  - YYKeyboardManager (1.0.1)

DEPENDENCIES:
  - 1PasswordExtension
  - AcknowList
  - ActionSheetPicker-3.0
  - AFNetworking
  - Alamofire
  - AlamofireImage
  - CocoaLumberjack
  - CocoaLumberjack/Swift
  - Crashlytics
  - CrashlyticsLogger (from `https://github.com/ainopara/CrashlyticsLogger.git`, tag `0.2.0`)
  - DeviceKit
  - Fabric
  - FBSnapshotTestCase
  - Files
  - FMDB
  - GRMustache.swift
  - GYHttpMock
  - JTSImageViewController (from `https://github.com/ainopara/JTSImageViewController.git`)
  - KIF
  - KissXML (from `https://github.com/ainopara/KissXML.git`)
  - Masonry
  - QuickTableViewController
  - Reachability
  - ReactiveCocoa
  - ReactiveSwift
  - Reveal-SDK
  - SnapKit
  - SwiftyJSON (from `https://github.com/ainopara/SwiftyJSON.git`)
  - TextAttributes
  - YapDatabase (from `https://github.com/ainopara/YapDatabase.git`, branch `stage`)
  - YYKeyboardManager

SPEC REPOS:
  https://github.com/cocoapods/specs.git:
    - 1PasswordExtension
    - AcknowList
    - ActionSheetPicker-3.0
    - AFNetworking
    - Alamofire
    - AlamofireImage
    - CocoaLumberjack
    - Crashlytics
    - DeviceKit
    - Fabric
    - FBSnapshotTestCase
    - Files
    - FMDB
    - GRMustache.swift
    - GYHttpMock
    - KIF
    - Masonry
    - QuickTableViewController
    - Reachability
    - ReactiveCocoa
    - ReactiveSwift
    - Result
    - Reveal-SDK
    - SnapKit
    - TextAttributes
    - YYKeyboardManager

EXTERNAL SOURCES:
  CrashlyticsLogger:
    :git: https://github.com/ainopara/CrashlyticsLogger.git
    :tag: 0.2.0
  JTSImageViewController:
    :git: https://github.com/ainopara/JTSImageViewController.git
  KissXML:
    :git: https://github.com/ainopara/KissXML.git
  SwiftyJSON:
    :git: https://github.com/ainopara/SwiftyJSON.git
  YapDatabase:
    :branch: stage
    :git: https://github.com/ainopara/YapDatabase.git

CHECKOUT OPTIONS:
  CrashlyticsLogger:
    :git: https://github.com/ainopara/CrashlyticsLogger.git
    :tag: 0.2.0
  JTSImageViewController:
    :commit: d7899aa93768bb680fa85386bfdc9aead1a49bc7
    :git: https://github.com/ainopara/JTSImageViewController.git
  KissXML:
    :commit: 69d88824d428cf6b3407eb778f23c7562f87149b
    :git: https://github.com/ainopara/KissXML.git
  SwiftyJSON:
    :commit: f652507be7d2159fb98adcebf65c6f9b5fa0f5f2
    :git: https://github.com/ainopara/SwiftyJSON.git
  YapDatabase:
    :commit: 5844a010fe807bcf67599b7efa76f505205e428f
    :git: https://github.com/ainopara/YapDatabase.git

SPEC CHECKSUMS:
  1PasswordExtension: 0e95bdea64ec8ff2f4f693be5467a09fac42a83d
  AcknowList: 2b27ccc75110be58be37424c4b08b07bdec628b4
  ActionSheetPicker-3.0: eef157d75e151f255c5333d26656c7fbfe905a51
  AFNetworking: b6f891fdfaed196b46c7a83cf209e09697b94057
  Alamofire: e4fa87002c137ba2d8d634d2c51fabcda0d5c223
  AlamofireImage: 3b35b586853abaf94ca1250f4e94cff3c21a4c0d
  CocoaLumberjack: db7cc9e464771f12054c22ff6947c5a58d43a0fd
  Crashlytics: 0360624eea1c978a743feddb2fb1ef8b37fb7a0d
  CrashlyticsLogger: 848158f095d4781c03737f15a423fd7a5e3e3dc9
  DeviceKit: 6a5bdeb103c03757bb94aef1ccb01e08bc8ef4ee
  Fabric: bda89e242bce1b7b8ab264248cf3407774ce0095
  FBSnapshotTestCase: 094f9f314decbabe373b87cc339bea235a63e07a
  Files: 18a88ede4f1e339a73adaca7272af15fa32ba69f
  FMDB: 6198a90e7b6900cfc046e6bc0ef6ebb7be9236aa
  GRMustache.swift: 8a547c12bea16052071b2b540af83d770075f0eb
  GYHttpMock: ad08e55ce8bde4e7f7b4d0cbc79ff23c1311658b
  JTSImageViewController: 89ae3c003060c65418fd3224ebbd67acc6046608
  KIF: 4c23b5d24dba24d3cb6dbb9c7d325b31e526ba4a
  KissXML: 246c842586bb77110e04fb88e19376d96245c856
  Masonry: 678fab65091a9290e40e2832a55e7ab731aad201
  QuickTableViewController: 5cbe91041c00b3ef4cfc405e3fad92b1fb63d6d2
  Reachability: 33e18b67625424e47b6cde6d202dce689ad7af96
  ReactiveCocoa: 476dae7ca790f40d30d186a1bd7ebae4290395d5
  ReactiveSwift: 5b26d2e988fe0eed2daf48c4054d1de74db50184
  Result: d2d07204ce72856f1fd9130bbe42c35a7b0fea10
  Reveal-SDK: 25e21896c478b60b948f876043f91570d368d23d
  SnapKit: a42d492c16e80209130a3379f73596c3454b7694
  SwiftyJSON: c29297daf073d2aa016295d5809cdd68045c39b3
  TextAttributes: 45b2713a1d174c377d320b51129c304eac381638
  YapDatabase: 178cc1eabfa25a1307a6245ca0de9dadadc6c331
  YYKeyboardManager: ff53d2e80d1808567a7f004028bd200d9469a89f

PODFILE CHECKSUM: 33438fa16d4cfc9a911cb016a41ff2ec480e1e95

COCOAPODS: 1.5.3
