// !$*UTF8*$!
{
	archiveVersion = 1;
	classes = {
	};
	objectVersion = 46;
	objects = {

/* Begin PBXBuildFile section */
		7B670747DD553D17A8D1236F /* Pods_Stage1stTests.framework in Frameworks */ = {isa = PBXBuildFile; fileRef = 806C850B09C10F1B9F1345A0 /* Pods_Stage1stTests.framework */; };
		860223521895051400A3E66E /* S1Global.m in Sources */ = {isa = PBXBuildFile; fileRef = 860223511895051400A3E66E /* S1Global.m */; };
		86038F441B5B3DA400F84F1A /* ColorMap.plist in Resources */ = {isa = PBXBuildFile; fileRef = 86038F431B5B3DA400F84F1A /* ColorMap.plist */; };
		86040B8019DE3A74004BF2BC /* S1DataCenter.m in Sources */ = {isa = PBXBuildFile; fileRef = 86040B7F19DE3A74004BF2BC /* S1DataCenter.m */; };
		86040B8319DE3B0B004BF2BC /* S1NetworkManager.m in Sources */ = {isa = PBXBuildFile; fileRef = 86040B8219DE3B0B004BF2BC /* S1NetworkManager.m */; };
		8605636E1B88222100E1D63E /* S1CloudKitViewController.m in Sources */ = {isa = PBXBuildFile; fileRef = 8605636D1B88222100E1D63E /* S1CloudKitViewController.m */; };
		8605734F1B7623A300C70781 /* CloudKit.framework in Frameworks */ = {isa = PBXBuildFile; fileRef = 8605734E1B7623A300C70781 /* CloudKit.framework */; };
		860573521B76290D00C70781 /* S1YapDatabaseAdapter.m in Sources */ = {isa = PBXBuildFile; fileRef = 860573511B76290D00C70781 /* S1YapDatabaseAdapter.m */; };
		860573591B762C3B00C70781 /* CloudKitManager.m in Sources */ = {isa = PBXBuildFile; fileRef = 860573541B762C3B00C70781 /* CloudKitManager.m */; };
		8605735A1B762C3B00C70781 /* DatabaseManager.m in Sources */ = {isa = PBXBuildFile; fileRef = 860573561B762C3B00C70781 /* DatabaseManager.m */; };
		8605735B1B762C3B00C70781 /* MyDatabaseObject.m in Sources */ = {isa = PBXBuildFile; fileRef = 860573581B762C3B00C70781 /* MyDatabaseObject.m */; };
		8607E40C1D8EFEE0009B16D8 /* CacheDatabaseManager.swift in Sources */ = {isa = PBXBuildFile; fileRef = 8607E40B1D8EFEE0009B16D8 /* CacheDatabaseManager.swift */; };
		860DAD4D18900A1D0098EA3F /* resources.xcassets in Resources */ = {isa = PBXBuildFile; fileRef = 860DAD4C18900A1D0098EA3F /* resources.xcassets */; };
		86221B841CA6594D00015522 /* S1ContentViewModel.swift in Sources */ = {isa = PBXBuildFile; fileRef = 86221B831CA6594D00015522 /* S1ContentViewModel.swift */; };
		86221B861CA65E3600015522 /* S1Utility.swift in Sources */ = {isa = PBXBuildFile; fileRef = 86221B851CA65E3600015522 /* S1Utility.swift */; };
		862DB79A1C8891070068F75F /* UserViewController.swift in Sources */ = {isa = PBXBuildFile; fileRef = 862DB7991C8891070068F75F /* UserViewController.swift */; };
		862DB7A21C8AB0000068F75F /* ColorManager.swift in Sources */ = {isa = PBXBuildFile; fileRef = 862DB7A01C8AB0000068F75F /* ColorManager.swift */; };
		862DB7A31C8AB0000068F75F /* PullToActionController.swift in Sources */ = {isa = PBXBuildFile; fileRef = 862DB7A11C8AB0000068F75F /* PullToActionController.swift */; };
		862DB7A71C8AB1680068F75F /* ReplyAccessoryView.swift in Sources */ = {isa = PBXBuildFile; fileRef = 862DB7A61C8AB1680068F75F /* ReplyAccessoryView.swift */; };
		862DB7AA1C8AB1870068F75F /* User.swift in Sources */ = {isa = PBXBuildFile; fileRef = 862DB7A91C8AB1870068F75F /* User.swift */; };
		862F51BD189136000038A289 /* TFHpple.m in Sources */ = {isa = PBXBuildFile; fileRef = 862F51B8189136000038A289 /* TFHpple.m */; };
		862F51BE189136000038A289 /* TFHppleElement.m in Sources */ = {isa = PBXBuildFile; fileRef = 862F51BA189136000038A289 /* TFHppleElement.m */; };
		862F51BF189136000038A289 /* XPathQuery.m in Sources */ = {isa = PBXBuildFile; fileRef = 862F51BC189136000038A289 /* XPathQuery.m */; };
		86319B411CA69EEB004F7586 /* Floor.swift in Sources */ = {isa = PBXBuildFile; fileRef = 86319B401CA69EEB004F7586 /* Floor.swift */; };
		864E1CC219C34E5B00350FA6 /* LaunchScreen.storyboard in Resources */ = {isa = PBXBuildFile; fileRef = 864E1CC119C34E5B00350FA6 /* LaunchScreen.storyboard */; };
		865673191A7A7B190025D22E /* Settings.storyboard in Resources */ = {isa = PBXBuildFile; fileRef = 865673171A7A7B190025D22E /* Settings.storyboard */; };
		865BE0EC1AB6F08C0097BB59 /* S1MahjongFaceView.m in Sources */ = {isa = PBXBuildFile; fileRef = 865BE0EB1AB6F08C0097BB59 /* S1MahjongFaceView.m */; };
		86600FBC1AAD969D004394E6 /* MahjongMap.plist in Resources */ = {isa = PBXBuildFile; fileRef = 86600FBB1AAD969D004394E6 /* MahjongMap.plist */; };
		8661263C1CB289EF00180C6A /* S1AppDelegate.swift in Sources */ = {isa = PBXBuildFile; fileRef = 8661263B1CB289EF00180C6A /* S1AppDelegate.swift */; };
		866CDB971B526DB100FBB133 /* S1QuoteFloorViewController.swift in Sources */ = {isa = PBXBuildFile; fileRef = 866CDB961B526DB100FBB133 /* S1QuoteFloorViewController.swift */; };
		8671E5711CFDEB3E00F4A854 /* UserViewModel.swift in Sources */ = {isa = PBXBuildFile; fileRef = 8671E5701CFDEB3E00F4A854 /* UserViewModel.swift */; };
		867C7F5C1899420D00DF55E8 /* DEComposeTextView.m in Sources */ = {isa = PBXBuildFile; fileRef = 867C7F511899420D00DF55E8 /* DEComposeTextView.m */; };
		867C7F5F1899420D00DF55E8 /* REComposeSheetView.m in Sources */ = {isa = PBXBuildFile; fileRef = 867C7F571899420D00DF55E8 /* REComposeSheetView.m */; };
		867C7F611899420D00DF55E8 /* REComposeViewController.m in Sources */ = {isa = PBXBuildFile; fileRef = 867C7F5A1899420D00DF55E8 /* REComposeViewController.m */; };
		8681E6B71CEF4683004269D3 /* Topic.swift in Sources */ = {isa = PBXBuildFile; fileRef = 8681E6B61CEF4683004269D3 /* Topic.swift */; };
		8681E6BF1CEF61ED004269D3 /* Stage1stTests.swift in Sources */ = {isa = PBXBuildFile; fileRef = 8681E6BE1CEF61ED004269D3 /* Stage1stTests.swift */; };
		868799211CE629BE00F5C75C /* JASON+Alamofire.swift in Sources */ = {isa = PBXBuildFile; fileRef = 868799201CE629BE00F5C75C /* JASON+Alamofire.swift */; };
		868799231CE629D700F5C75C /* S1LoginViewController.swift in Sources */ = {isa = PBXBuildFile; fileRef = 868799221CE629D700F5C75C /* S1LoginViewController.swift */; };
		8687C7BE1DA0BA630038A2F6 /* MahjongFaceItem.swift in Sources */ = {isa = PBXBuildFile; fileRef = 8687C7BD1DA0BA630038A2F6 /* MahjongFaceItem.swift */; };
		868A98051CA7F22500498C38 /* AnimationButton.swift in Sources */ = {isa = PBXBuildFile; fileRef = 868A98041CA7F22500498C38 /* AnimationButton.swift */; };
		8693431A19E5A074008F7A58 /* S1ContentViewModel.m in Sources */ = {isa = PBXBuildFile; fileRef = 8693431919E5A074008F7A58 /* S1ContentViewModel.m */; };
		8694BCD61CEC42C200756C4A /* WebViewController.swift in Sources */ = {isa = PBXBuildFile; fileRef = 8694BCD51CEC42C200756C4A /* WebViewController.swift */; };
		8694BCD81CED9AD400756C4A /* S1TopicListViewModel.swift in Sources */ = {isa = PBXBuildFile; fileRef = 8694BCD71CED9AD400756C4A /* S1TopicListViewModel.swift */; };
		86991FD9188E76E800B7054F /* S1TopicListCellSubView.m in Sources */ = {isa = PBXBuildFile; fileRef = 86991FD8188E76E800B7054F /* S1TopicListCellSubView.m */; };
		869CAF111A18831D00EB2BF4 /* NavigationControllerDelegate.m in Sources */ = {isa = PBXBuildFile; fileRef = 869CAF101A18831D00EB2BF4 /* NavigationControllerDelegate.m */; };
		869E023A1DA67293006A45FE /* ActivityItemProvider.swift in Sources */ = {isa = PBXBuildFile; fileRef = 869E02391DA67293006A45FE /* ActivityItemProvider.swift */; };
		86A22D261D69BB1D004D2307 /* ReportComposeViewController.swift in Sources */ = {isa = PBXBuildFile; fileRef = 86A22D251D69BB1D004D2307 /* ReportComposeViewController.swift */; };
		86A393C61DA64DCB00E30C01 /* UIScrollView+WKWebViewHack.m in Sources */ = {isa = PBXBuildFile; fileRef = 86A393C51DA64DCB00E30C01 /* UIScrollView+WKWebViewHack.m */; };
		86AF9E3B1CF434EC008C7E8D /* DiscuzAPIManager+Teleport.swift in Sources */ = {isa = PBXBuildFile; fileRef = 86AF9E3A1CF434EC008C7E8D /* DiscuzAPIManager+Teleport.swift */; };
		86B052F01B0B039000CBEF54 /* S1MahjongFaceTextAttachment.m in Sources */ = {isa = PBXBuildFile; fileRef = 86B052EF1B0B039000CBEF54 /* S1MahjongFaceTextAttachment.m */; };
		86B052F21B0B04AD00CBEF54 /* NSAttributedString+MahjongFaceExtension.m in Sources */ = {isa = PBXBuildFile; fileRef = 86B052F11B0B04AD00CBEF54 /* NSAttributedString+MahjongFaceExtension.m */; };
		86BA383B1C0635EC00D508AC /* DarkPalette2.plist in Resources */ = {isa = PBXBuildFile; fileRef = 86BA383A1C0635EC00D508AC /* DarkPalette2.plist */; };
		86BA383D1C0A106E00D508AC /* S1Application.swift in Sources */ = {isa = PBXBuildFile; fileRef = 86BA383C1C0A106E00D508AC /* S1Application.swift */; };
		86CA71DF1B19548E00204A5C /* S1MahjongFacePageView.m in Sources */ = {isa = PBXBuildFile; fileRef = 86CA71DE1B19548E00204A5C /* S1MahjongFacePageView.m */; };
		86CA71E21B197D7B00204A5C /* S1MahjongFaceButton.m in Sources */ = {isa = PBXBuildFile; fileRef = 86CA71E11B197D7B00204A5C /* S1MahjongFaceButton.m */; };
		86CA71E41B1B706B00204A5C /* MahjongCategoryOrder.plist in Resources */ = {isa = PBXBuildFile; fileRef = 86CA71E31B1B706B00204A5C /* MahjongCategoryOrder.plist */; };
		86D20FE21CA6B638003F2691 /* DDErrorLevelFormatter.m in Sources */ = {isa = PBXBuildFile; fileRef = 86D20FE11CA6B638003F2691 /* DDErrorLevelFormatter.m */; };
		86DD319F1D129406009C2F44 /* Poll.swift in Sources */ = {isa = PBXBuildFile; fileRef = 86DD319E1D129406009C2F44 /* Poll.swift */; };
		86DD5BFC1B57754E00A6FD34 /* DefaultPalette.plist in Resources */ = {isa = PBXBuildFile; fileRef = 86DD5BFB1B57754E00A6FD34 /* DefaultPalette.plist */; };
		86DD5BFE1B577CAA00A6FD34 /* DarkPalette.plist in Resources */ = {isa = PBXBuildFile; fileRef = 86DD5BFD1B577CAA00A6FD34 /* DarkPalette.plist */; };
		86E5C2721A0BDD19006D8D6A /* S1ReorderForumViewController.m in Sources */ = {isa = PBXBuildFile; fileRef = 86E5C2711A0BDD19006D8D6A /* S1ReorderForumViewController.m */; };
		86E5F1DE1C8BDD4100DFFF12 /* CrashlyticsLogger.m in Sources */ = {isa = PBXBuildFile; fileRef = 86E5F1DD1C8BDD4100DFFF12 /* CrashlyticsLogger.m */; };
		86EBF1EF1CE6F19D00641A2D /* WebTemplate.bundle in Resources */ = {isa = PBXBuildFile; fileRef = 86EBF1EE1CE6F19D00641A2D /* WebTemplate.bundle */; };
		86EBF1F11CE720FB00641A2D /* S1Animator.swift in Sources */ = {isa = PBXBuildFile; fileRef = 86EBF1F01CE720FB00641A2D /* S1Animator.swift */; };
		86EF6CEA1C6879D7007ADEE4 /* QuoteFloorViewModel.swift in Sources */ = {isa = PBXBuildFile; fileRef = 86EF6CE91C6879D7007ADEE4 /* QuoteFloorViewModel.swift */; };
		86F312E81C4F45880026D6BB /* libxml2.tbd in Frameworks */ = {isa = PBXBuildFile; fileRef = 86F312E71C4F45880026D6BB /* libxml2.tbd */; };
		86F312EA1C4F54100026D6BB /* QuoteFloorCell.swift in Sources */ = {isa = PBXBuildFile; fileRef = 86F312E91C4F54100026D6BB /* QuoteFloorCell.swift */; };
		86FD82781CF9A75600C9700E /* S1FoundationTests.swift in Sources */ = {isa = PBXBuildFile; fileRef = 86FD82771CF9A75600C9700E /* S1FoundationTests.swift */; };
		86FEACE61CDF5F5B00ECD694 /* DiscuzAPIManager.swift in Sources */ = {isa = PBXBuildFile; fileRef = 86FEACE51CDF5F5B00ECD694 /* DiscuzAPIManager.swift */; };
		86FFD3241CB906F200EF742A /* SettingsViewController.swift in Sources */ = {isa = PBXBuildFile; fileRef = 86FFD3231CB906F200EF742A /* SettingsViewController.swift */; };
		86FFD3261CB90C1E00EF742A /* TopicListViewController.swift in Sources */ = {isa = PBXBuildFile; fileRef = 86FFD3251CB90C1E00EF742A /* TopicListViewController.swift */; };
		86FFD3281CB95F1500EF742A /* ContentViewController.swift in Sources */ = {isa = PBXBuildFile; fileRef = 86FFD3271CB95F1500EF742A /* ContentViewController.swift */; };
		B9F3162CDD829E5736F68499 /* Pods_Stage1st.framework in Frameworks */ = {isa = PBXBuildFile; fileRef = 991CB7A10E23884E049E3438 /* Pods_Stage1st.framework */; };
		C05286C316D3428E000B0DBD /* S1Parser.m in Sources */ = {isa = PBXBuildFile; fileRef = C05286C216D3428E000B0DBD /* S1Parser.m */; };
		C05286C616D3B881000B0DBD /* S1HTTPSessionManager.m in Sources */ = {isa = PBXBuildFile; fileRef = C05286C516D3B881000B0DBD /* S1HTTPSessionManager.m */; };
		C08334F516E2245B0035C1AA /* ODRefreshControl.m in Sources */ = {isa = PBXBuildFile; fileRef = C08334F416E2245B0035C1AA /* ODRefreshControl.m */; };
		C08334F816E22E1F0035C1AA /* S1TabBar.m in Sources */ = {isa = PBXBuildFile; fileRef = C08334F716E22E1F0035C1AA /* S1TabBar.m */; };
		C083351616E34DCF0035C1AA /* ForumKeyMap.plist in Resources */ = {isa = PBXBuildFile; fileRef = C083351516E34DCF0035C1AA /* ForumKeyMap.plist */; };
		C083351916E363870035C1AA /* S1Tracer.m in Sources */ = {isa = PBXBuildFile; fileRef = C083351816E363870035C1AA /* S1Tracer.m */; };
		C083353716E4FB220035C1AA /* InitialOrder.plist in Resources */ = {isa = PBXBuildFile; fileRef = C083353616E4FB220035C1AA /* InitialOrder.plist */; };
		C083353F16E647A80035C1AA /* GTMNSString+HTML.m in Sources */ = {isa = PBXBuildFile; fileRef = C083353E16E647A80035C1AA /* GTMNSString+HTML.m */; settings = {COMPILER_FLAGS = "-fno-objc-arc"; }; };
		C08A441016DA779E003BF44C /* S1URLCache.m in Sources */ = {isa = PBXBuildFile; fileRef = C08A440F16DA779E003BF44C /* S1URLCache.m */; };
		C08DB46916DE3152002B4A92 /* S1TopicListCell.m in Sources */ = {isa = PBXBuildFile; fileRef = C08DB46816DE3152002B4A92 /* S1TopicListCell.m */; };
		C08DB46F16DE41FB002B4A92 /* Mahjong in Resources */ = {isa = PBXBuildFile; fileRef = C08DB46E16DE41FB002B4A92 /* Mahjong */; };
		C090DA8F16D8F39F00BF7780 /* S1HUD.m in Sources */ = {isa = PBXBuildFile; fileRef = C090DA8E16D8F39F00BF7780 /* S1HUD.m */; };
		C095874216CA8A36007E0119 /* Localizable.strings in Resources */ = {isa = PBXBuildFile; fileRef = C095874016CA8A36007E0119 /* Localizable.strings */; };
		C095874416CA8A36007E0119 /* main.m in Sources */ = {isa = PBXBuildFile; fileRef = C095874316CA8A36007E0119 /* main.m */; };
		C095874816CA8A36007E0119 /* S1AppDelegate.m in Sources */ = {isa = PBXBuildFile; fileRef = C095874716CA8A36007E0119 /* S1AppDelegate.m */; };
		C095877F16CA8E7E007E0119 /* S1Topic.m in Sources */ = {isa = PBXBuildFile; fileRef = C095877E16CA8E7E007E0119 /* S1Topic.m */; };
		C095878B16CA993A007E0119 /* S1ContentViewController.m in Sources */ = {isa = PBXBuildFile; fileRef = C095878A16CA993A007E0119 /* S1ContentViewController.m */; };
		C095878E16CA9959007E0119 /* S1TopicListViewController.m in Sources */ = {isa = PBXBuildFile; fileRef = C095878D16CA9959007E0119 /* S1TopicListViewController.m */; };
		C095879D16CB61FC007E0119 /* GSReorderableTableViewController.m in Sources */ = {isa = PBXBuildFile; fileRef = C095879116CB61FC007E0119 /* GSReorderableTableViewController.m */; };
		C095879E16CB61FC007E0119 /* GSRow.m in Sources */ = {isa = PBXBuildFile; fileRef = C095879316CB61FC007E0119 /* GSRow.m */; };
		C095879F16CB61FC007E0119 /* GSSection.m in Sources */ = {isa = PBXBuildFile; fileRef = C095879516CB61FC007E0119 /* GSSection.m */; };
		C09587A016CB61FC007E0119 /* GSSingleSelectionTableViewController.m in Sources */ = {isa = PBXBuildFile; fileRef = C095879716CB61FC007E0119 /* GSSingleSelectionTableViewController.m */; };
		C09587A116CB61FC007E0119 /* GSStaticTableViewController.m in Sources */ = {isa = PBXBuildFile; fileRef = C095879A16CB61FC007E0119 /* GSStaticTableViewController.m */; };
		C09587A216CB61FC007E0119 /* UIControl+BlockWrapper.m in Sources */ = {isa = PBXBuildFile; fileRef = C095879C16CB61FC007E0119 /* UIControl+BlockWrapper.m */; };
		C09587A616CB623E007E0119 /* SettingsViewController.m in Sources */ = {isa = PBXBuildFile; fileRef = C09587A516CB623E007E0119 /* SettingsViewController.m */; };
		C0AEAE8716F6267900CB0E71 /* MTStatusBarOverlay.m in Sources */ = {isa = PBXBuildFile; fileRef = C0AEAE8616F6267900CB0E71 /* MTStatusBarOverlay.m */; };
/* End PBXBuildFile section */

/* Begin PBXContainerItemProxy section */
		8681E6C11CEF61ED004269D3 /* PBXContainerItemProxy */ = {
			isa = PBXContainerItemProxy;
			containerPortal = C095872C16CA8A36007E0119 /* Project object */;
			proxyType = 1;
			remoteGlobalIDString = C095873316CA8A36007E0119;
			remoteInfo = Stage1st;
		};
/* End PBXContainerItemProxy section */

/* Begin PBXCopyFilesBuildPhase section */
		869D687B1D8C290A0039D4CB /* Embed Frameworks */ = {
			isa = PBXCopyFilesBuildPhase;
			buildActionMask = 2147483647;
			dstPath = "";
			dstSubfolderSpec = 10;
			files = (
			);
			name = "Embed Frameworks";
			runOnlyForDeploymentPostprocessing = 0;
		};
/* End PBXCopyFilesBuildPhase section */

/* Begin PBXFileReference section */
		4358B1D3313628BA0A5AAF21 /* Pods-Stage1st.debug.xcconfig */ = {isa = PBXFileReference; includeInIndex = 1; lastKnownFileType = text.xcconfig; name = "Pods-Stage1st.debug.xcconfig"; path = "Pods/Target Support Files/Pods-Stage1st/Pods-Stage1st.debug.xcconfig"; sourceTree = "<group>"; };
		806C850B09C10F1B9F1345A0 /* Pods_Stage1stTests.framework */ = {isa = PBXFileReference; explicitFileType = wrapper.framework; includeInIndex = 0; path = Pods_Stage1stTests.framework; sourceTree = BUILT_PRODUCTS_DIR; };
		860223501895051400A3E66E /* S1Global.h */ = {isa = PBXFileReference; fileEncoding = 4; lastKnownFileType = sourcecode.c.h; path = S1Global.h; sourceTree = "<group>"; };
		860223511895051400A3E66E /* S1Global.m */ = {isa = PBXFileReference; fileEncoding = 4; lastKnownFileType = sourcecode.c.objc; path = S1Global.m; sourceTree = "<group>"; };
		86038F431B5B3DA400F84F1A /* ColorMap.plist */ = {isa = PBXFileReference; fileEncoding = 4; lastKnownFileType = text.plist.xml; name = ColorMap.plist; path = Stage1st/ColorMap.plist; sourceTree = "<group>"; };
		86040B7E19DE3A74004BF2BC /* S1DataCenter.h */ = {isa = PBXFileReference; fileEncoding = 4; lastKnownFileType = sourcecode.c.h; name = S1DataCenter.h; path = Stage1st/S1DataCenter.h; sourceTree = "<group>"; };
		86040B7F19DE3A74004BF2BC /* S1DataCenter.m */ = {isa = PBXFileReference; fileEncoding = 4; lastKnownFileType = sourcecode.c.objc; name = S1DataCenter.m; path = Stage1st/S1DataCenter.m; sourceTree = "<group>"; };
		86040B8119DE3B0B004BF2BC /* S1NetworkManager.h */ = {isa = PBXFileReference; fileEncoding = 4; lastKnownFileType = sourcecode.c.h; name = S1NetworkManager.h; path = Stage1st/S1NetworkManager.h; sourceTree = "<group>"; };
		86040B8219DE3B0B004BF2BC /* S1NetworkManager.m */ = {isa = PBXFileReference; fileEncoding = 4; lastKnownFileType = sourcecode.c.objc; name = S1NetworkManager.m; path = Stage1st/S1NetworkManager.m; sourceTree = "<group>"; };
		8605636C1B88222100E1D63E /* S1CloudKitViewController.h */ = {isa = PBXFileReference; fileEncoding = 4; lastKnownFileType = sourcecode.c.h; name = S1CloudKitViewController.h; path = Stage1st/S1CloudKitViewController.h; sourceTree = "<group>"; };
		8605636D1B88222100E1D63E /* S1CloudKitViewController.m */ = {isa = PBXFileReference; fileEncoding = 4; lastKnownFileType = sourcecode.c.objc; lineEnding = 0; name = S1CloudKitViewController.m; path = Stage1st/S1CloudKitViewController.m; sourceTree = "<group>"; xcLanguageSpecificationIdentifier = xcode.lang.objc; };
		8605734E1B7623A300C70781 /* CloudKit.framework */ = {isa = PBXFileReference; lastKnownFileType = wrapper.framework; name = CloudKit.framework; path = System/Library/Frameworks/CloudKit.framework; sourceTree = SDKROOT; };
		860573501B76290D00C70781 /* S1YapDatabaseAdapter.h */ = {isa = PBXFileReference; fileEncoding = 4; lastKnownFileType = sourcecode.c.h; name = S1YapDatabaseAdapter.h; path = Stage1st/S1YapDatabaseAdapter.h; sourceTree = "<group>"; };
		860573511B76290D00C70781 /* S1YapDatabaseAdapter.m */ = {isa = PBXFileReference; fileEncoding = 4; lastKnownFileType = sourcecode.c.objc; name = S1YapDatabaseAdapter.m; path = Stage1st/S1YapDatabaseAdapter.m; sourceTree = "<group>"; };
		860573531B762C3B00C70781 /* CloudKitManager.h */ = {isa = PBXFileReference; fileEncoding = 4; lastKnownFileType = sourcecode.c.h; name = CloudKitManager.h; path = Stage1st/CloudKitManager.h; sourceTree = "<group>"; };
		860573541B762C3B00C70781 /* CloudKitManager.m */ = {isa = PBXFileReference; fileEncoding = 4; lastKnownFileType = sourcecode.c.objc; name = CloudKitManager.m; path = Stage1st/CloudKitManager.m; sourceTree = "<group>"; };
		860573551B762C3B00C70781 /* DatabaseManager.h */ = {isa = PBXFileReference; fileEncoding = 4; lastKnownFileType = sourcecode.c.h; name = DatabaseManager.h; path = Stage1st/DatabaseManager.h; sourceTree = "<group>"; };
		860573561B762C3B00C70781 /* DatabaseManager.m */ = {isa = PBXFileReference; fileEncoding = 4; lastKnownFileType = sourcecode.c.objc; name = DatabaseManager.m; path = Stage1st/DatabaseManager.m; sourceTree = "<group>"; };
		860573571B762C3B00C70781 /* MyDatabaseObject.h */ = {isa = PBXFileReference; fileEncoding = 4; lastKnownFileType = sourcecode.c.h; name = MyDatabaseObject.h; path = Stage1st/MyDatabaseObject.h; sourceTree = "<group>"; };
		860573581B762C3B00C70781 /* MyDatabaseObject.m */ = {isa = PBXFileReference; fileEncoding = 4; lastKnownFileType = sourcecode.c.objc; name = MyDatabaseObject.m; path = Stage1st/MyDatabaseObject.m; sourceTree = "<group>"; };
		8607E40B1D8EFEE0009B16D8 /* CacheDatabaseManager.swift */ = {isa = PBXFileReference; fileEncoding = 4; lastKnownFileType = sourcecode.swift; name = CacheDatabaseManager.swift; path = Stage1st/CacheDatabaseManager.swift; sourceTree = "<group>"; };
		860DAD4C18900A1D0098EA3F /* resources.xcassets */ = {isa = PBXFileReference; lastKnownFileType = folder.assetcatalog; path = resources.xcassets; sourceTree = "<group>"; };
		86221B831CA6594D00015522 /* S1ContentViewModel.swift */ = {isa = PBXFileReference; fileEncoding = 4; lastKnownFileType = sourcecode.swift; name = S1ContentViewModel.swift; path = Stage1st/S1ContentViewModel.swift; sourceTree = "<group>"; };
		86221B851CA65E3600015522 /* S1Utility.swift */ = {isa = PBXFileReference; fileEncoding = 4; lastKnownFileType = sourcecode.swift; name = S1Utility.swift; path = Stage1st/S1Utility.swift; sourceTree = "<group>"; };
		862DB7991C8891070068F75F /* UserViewController.swift */ = {isa = PBXFileReference; fileEncoding = 4; lastKnownFileType = sourcecode.swift; name = UserViewController.swift; path = Stage1st/UserViewController.swift; sourceTree = "<group>"; };
		862DB7A01C8AB0000068F75F /* ColorManager.swift */ = {isa = PBXFileReference; fileEncoding = 4; lastKnownFileType = sourcecode.swift; name = ColorManager.swift; path = Vendors/ColorManager/ColorManager.swift; sourceTree = "<group>"; };
		862DB7A11C8AB0000068F75F /* PullToActionController.swift */ = {isa = PBXFileReference; fileEncoding = 4; lastKnownFileType = sourcecode.swift; name = PullToActionController.swift; path = Vendors/PullToActionViewController/PullToActionController.swift; sourceTree = "<group>"; };
		862DB7A61C8AB1680068F75F /* ReplyAccessoryView.swift */ = {isa = PBXFileReference; fileEncoding = 4; lastKnownFileType = sourcecode.swift; name = ReplyAccessoryView.swift; path = Stage1st/ReplyAccessoryView.swift; sourceTree = "<group>"; };
		862DB7A81C8AB17A0068F75F /* Stage1st-Bridging-Header.h */ = {isa = PBXFileReference; lastKnownFileType = sourcecode.c.h; path = "Stage1st-Bridging-Header.h"; sourceTree = "<group>"; };
		862DB7A91C8AB1870068F75F /* User.swift */ = {isa = PBXFileReference; fileEncoding = 4; lastKnownFileType = sourcecode.swift; name = User.swift; path = Stage1st/User.swift; sourceTree = "<group>"; };
		862DB7AB1C8AF8D50068F75F /* PrefixHeader.pch */ = {isa = PBXFileReference; lastKnownFileType = sourcecode.c.h; path = PrefixHeader.pch; sourceTree = "<group>"; };
		862F51B7189136000038A289 /* TFHpple.h */ = {isa = PBXFileReference; fileEncoding = 4; lastKnownFileType = sourcecode.c.h; name = TFHpple.h; path = Vendors/TFHpple/TFHpple.h; sourceTree = "<group>"; };
		862F51B8189136000038A289 /* TFHpple.m */ = {isa = PBXFileReference; fileEncoding = 4; lastKnownFileType = sourcecode.c.objc; name = TFHpple.m; path = Vendors/TFHpple/TFHpple.m; sourceTree = "<group>"; };
		862F51B9189136000038A289 /* TFHppleElement.h */ = {isa = PBXFileReference; fileEncoding = 4; lastKnownFileType = sourcecode.c.h; name = TFHppleElement.h; path = Vendors/TFHpple/TFHppleElement.h; sourceTree = "<group>"; };
		862F51BA189136000038A289 /* TFHppleElement.m */ = {isa = PBXFileReference; fileEncoding = 4; lastKnownFileType = sourcecode.c.objc; name = TFHppleElement.m; path = Vendors/TFHpple/TFHppleElement.m; sourceTree = "<group>"; };
		862F51BB189136000038A289 /* XPathQuery.h */ = {isa = PBXFileReference; fileEncoding = 4; lastKnownFileType = sourcecode.c.h; name = XPathQuery.h; path = Vendors/TFHpple/XPathQuery.h; sourceTree = "<group>"; };
		862F51BC189136000038A289 /* XPathQuery.m */ = {isa = PBXFileReference; fileEncoding = 4; lastKnownFileType = sourcecode.c.objc; name = XPathQuery.m; path = Vendors/TFHpple/XPathQuery.m; sourceTree = "<group>"; };
		86319B401CA69EEB004F7586 /* Floor.swift */ = {isa = PBXFileReference; fileEncoding = 4; lastKnownFileType = sourcecode.swift; name = Floor.swift; path = Stage1st/Floor.swift; sourceTree = "<group>"; };
		864E1CC119C34E5B00350FA6 /* LaunchScreen.storyboard */ = {isa = PBXFileReference; fileEncoding = 4; lastKnownFileType = file.storyboard; name = LaunchScreen.storyboard; path = Stage1st/LaunchScreen.storyboard; sourceTree = "<group>"; };
		865616821AC6C48C00CFD773 /* Stage1st.entitlements */ = {isa = PBXFileReference; lastKnownFileType = text.xml; path = Stage1st.entitlements; sourceTree = "<group>"; };
		865673181A7A7B190025D22E /* Base */ = {isa = PBXFileReference; lastKnownFileType = file.storyboard; name = Base; path = Stage1st/Base.lproj/Settings.storyboard; sourceTree = "<group>"; };
		865BE0EA1AB6F08C0097BB59 /* S1MahjongFaceView.h */ = {isa = PBXFileReference; fileEncoding = 4; lastKnownFileType = sourcecode.c.h; name = S1MahjongFaceView.h; path = Stage1st/S1MahjongFaceView.h; sourceTree = "<group>"; };
		865BE0EB1AB6F08C0097BB59 /* S1MahjongFaceView.m */ = {isa = PBXFileReference; fileEncoding = 4; lastKnownFileType = sourcecode.c.objc; lineEnding = 0; name = S1MahjongFaceView.m; path = Stage1st/S1MahjongFaceView.m; sourceTree = "<group>"; xcLanguageSpecificationIdentifier = xcode.lang.objc; };
		86600FBB1AAD969D004394E6 /* MahjongMap.plist */ = {isa = PBXFileReference; fileEncoding = 4; lastKnownFileType = text.plist.xml; name = MahjongMap.plist; path = Stage1st/MahjongMap.plist; sourceTree = "<group>"; };
		8661263B1CB289EF00180C6A /* S1AppDelegate.swift */ = {isa = PBXFileReference; fileEncoding = 4; lastKnownFileType = sourcecode.swift; path = S1AppDelegate.swift; sourceTree = "<group>"; };
		866CDB961B526DB100FBB133 /* S1QuoteFloorViewController.swift */ = {isa = PBXFileReference; fileEncoding = 4; lastKnownFileType = sourcecode.swift; name = S1QuoteFloorViewController.swift; path = Stage1st/S1QuoteFloorViewController.swift; sourceTree = "<group>"; };
		8671E5701CFDEB3E00F4A854 /* UserViewModel.swift */ = {isa = PBXFileReference; fileEncoding = 4; lastKnownFileType = sourcecode.swift; name = UserViewModel.swift; path = Stage1st/UserViewModel.swift; sourceTree = "<group>"; };
		867C7F501899420D00DF55E8 /* DEComposeTextView.h */ = {isa = PBXFileReference; fileEncoding = 4; lastKnownFileType = sourcecode.c.h; path = DEComposeTextView.h; sourceTree = "<group>"; };
		867C7F511899420D00DF55E8 /* DEComposeTextView.m */ = {isa = PBXFileReference; fileEncoding = 4; lastKnownFileType = sourcecode.c.objc; path = DEComposeTextView.m; sourceTree = "<group>"; };
		867C7F561899420D00DF55E8 /* REComposeSheetView.h */ = {isa = PBXFileReference; fileEncoding = 4; lastKnownFileType = sourcecode.c.h; path = REComposeSheetView.h; sourceTree = "<group>"; };
		867C7F571899420D00DF55E8 /* REComposeSheetView.m */ = {isa = PBXFileReference; fileEncoding = 4; lastKnownFileType = sourcecode.c.objc; path = REComposeSheetView.m; sourceTree = "<group>"; };
		867C7F591899420D00DF55E8 /* REComposeViewController.h */ = {isa = PBXFileReference; fileEncoding = 4; lastKnownFileType = sourcecode.c.h; path = REComposeViewController.h; sourceTree = "<group>"; };
		867C7F5A1899420D00DF55E8 /* REComposeViewController.m */ = {isa = PBXFileReference; fileEncoding = 4; lastKnownFileType = sourcecode.c.objc; path = REComposeViewController.m; sourceTree = "<group>"; };
		8681E6B61CEF4683004269D3 /* Topic.swift */ = {isa = PBXFileReference; fileEncoding = 4; lastKnownFileType = sourcecode.swift; name = Topic.swift; path = Stage1st/Topic.swift; sourceTree = "<group>"; };
		8681E6BC1CEF61ED004269D3 /* Stage1stTests.xctest */ = {isa = PBXFileReference; explicitFileType = wrapper.cfbundle; includeInIndex = 0; path = Stage1stTests.xctest; sourceTree = BUILT_PRODUCTS_DIR; };
		8681E6BE1CEF61ED004269D3 /* Stage1stTests.swift */ = {isa = PBXFileReference; lastKnownFileType = sourcecode.swift; path = Stage1stTests.swift; sourceTree = "<group>"; };
		8681E6C01CEF61ED004269D3 /* Info.plist */ = {isa = PBXFileReference; lastKnownFileType = text.plist.xml; path = Info.plist; sourceTree = "<group>"; };
		868799201CE629BE00F5C75C /* JASON+Alamofire.swift */ = {isa = PBXFileReference; fileEncoding = 4; lastKnownFileType = sourcecode.swift; name = "JASON+Alamofire.swift"; path = "Stage1st/JASON+Alamofire.swift"; sourceTree = "<group>"; };
		868799221CE629D700F5C75C /* S1LoginViewController.swift */ = {isa = PBXFileReference; fileEncoding = 4; lastKnownFileType = sourcecode.swift; name = S1LoginViewController.swift; path = Stage1st/S1LoginViewController.swift; sourceTree = "<group>"; };
		8687C7BD1DA0BA630038A2F6 /* MahjongFaceItem.swift */ = {isa = PBXFileReference; fileEncoding = 4; lastKnownFileType = sourcecode.swift; name = MahjongFaceItem.swift; path = Stage1st/MahjongFaceItem.swift; sourceTree = "<group>"; };
		868A98041CA7F22500498C38 /* AnimationButton.swift */ = {isa = PBXFileReference; fileEncoding = 4; lastKnownFileType = sourcecode.swift; name = AnimationButton.swift; path = Stage1st/AnimationButton.swift; sourceTree = "<group>"; };
		8693431819E5A074008F7A58 /* S1ContentViewModel.h */ = {isa = PBXFileReference; fileEncoding = 4; lastKnownFileType = sourcecode.c.h; name = S1ContentViewModel.h; path = Stage1st/S1ContentViewModel.h; sourceTree = "<group>"; };
		8693431919E5A074008F7A58 /* S1ContentViewModel.m */ = {isa = PBXFileReference; fileEncoding = 4; lastKnownFileType = sourcecode.c.objc; name = S1ContentViewModel.m; path = Stage1st/S1ContentViewModel.m; sourceTree = "<group>"; };
		8694BCD51CEC42C200756C4A /* WebViewController.swift */ = {isa = PBXFileReference; fileEncoding = 4; lastKnownFileType = sourcecode.swift; name = WebViewController.swift; path = Vendors/S1WebViewController/WebViewController.swift; sourceTree = "<group>"; };
		8694BCD71CED9AD400756C4A /* S1TopicListViewModel.swift */ = {isa = PBXFileReference; fileEncoding = 4; lastKnownFileType = sourcecode.swift; name = S1TopicListViewModel.swift; path = Stage1st/S1TopicListViewModel.swift; sourceTree = "<group>"; };
		86991FD7188E76E800B7054F /* S1TopicListCellSubView.h */ = {isa = PBXFileReference; fileEncoding = 4; lastKnownFileType = sourcecode.c.h; name = S1TopicListCellSubView.h; path = Stage1st/S1TopicListCellSubView.h; sourceTree = "<group>"; };
		86991FD8188E76E800B7054F /* S1TopicListCellSubView.m */ = {isa = PBXFileReference; fileEncoding = 4; lastKnownFileType = sourcecode.c.objc; name = S1TopicListCellSubView.m; path = Stage1st/S1TopicListCellSubView.m; sourceTree = "<group>"; };
		869CAF0F1A18831D00EB2BF4 /* NavigationControllerDelegate.h */ = {isa = PBXFileReference; fileEncoding = 4; lastKnownFileType = sourcecode.c.h; name = NavigationControllerDelegate.h; path = Stage1st/NavigationControllerDelegate.h; sourceTree = "<group>"; };
		869CAF101A18831D00EB2BF4 /* NavigationControllerDelegate.m */ = {isa = PBXFileReference; fileEncoding = 4; lastKnownFileType = sourcecode.c.objc; name = NavigationControllerDelegate.m; path = Stage1st/NavigationControllerDelegate.m; sourceTree = "<group>"; };
		869E02391DA67293006A45FE /* ActivityItemProvider.swift */ = {isa = PBXFileReference; fileEncoding = 4; lastKnownFileType = sourcecode.swift; name = ActivityItemProvider.swift; path = Stage1st/ActivityItemProvider.swift; sourceTree = "<group>"; };
		86A22D251D69BB1D004D2307 /* ReportComposeViewController.swift */ = {isa = PBXFileReference; fileEncoding = 4; lastKnownFileType = sourcecode.swift; name = ReportComposeViewController.swift; path = Stage1st/ReportComposeViewController.swift; sourceTree = "<group>"; };
		86A393C41DA64DCB00E30C01 /* UIScrollView+WKWebViewHack.h */ = {isa = PBXFileReference; fileEncoding = 4; lastKnownFileType = sourcecode.c.h; name = "UIScrollView+WKWebViewHack.h"; path = "Stage1st/UIScrollView+WKWebViewHack.h"; sourceTree = "<group>"; };
		86A393C51DA64DCB00E30C01 /* UIScrollView+WKWebViewHack.m */ = {isa = PBXFileReference; fileEncoding = 4; lastKnownFileType = sourcecode.c.objc; name = "UIScrollView+WKWebViewHack.m"; path = "Stage1st/UIScrollView+WKWebViewHack.m"; sourceTree = "<group>"; };
		86ADC88E189CC1BE0036D669 /* zh-Hans */ = {isa = PBXFileReference; fileEncoding = 10; lastKnownFileType = text.plist.strings; name = "zh-Hans"; path = "zh-Hans.lproj/Localizable.strings"; sourceTree = "<group>"; };
		86AF9E3A1CF434EC008C7E8D /* DiscuzAPIManager+Teleport.swift */ = {isa = PBXFileReference; fileEncoding = 4; lastKnownFileType = sourcecode.swift; name = "DiscuzAPIManager+Teleport.swift"; path = "Stage1st/DiscuzAPIManager+Teleport.swift"; sourceTree = "<group>"; };
		86B052EE1B0B039000CBEF54 /* S1MahjongFaceTextAttachment.h */ = {isa = PBXFileReference; fileEncoding = 4; lastKnownFileType = sourcecode.c.h; name = S1MahjongFaceTextAttachment.h; path = Stage1st/S1MahjongFaceTextAttachment.h; sourceTree = "<group>"; };
		86B052EF1B0B039000CBEF54 /* S1MahjongFaceTextAttachment.m */ = {isa = PBXFileReference; fileEncoding = 4; lastKnownFileType = sourcecode.c.objc; name = S1MahjongFaceTextAttachment.m; path = Stage1st/S1MahjongFaceTextAttachment.m; sourceTree = "<group>"; };
		86B052F11B0B04AD00CBEF54 /* NSAttributedString+MahjongFaceExtension.m */ = {isa = PBXFileReference; fileEncoding = 4; lastKnownFileType = sourcecode.c.objc; name = "NSAttributedString+MahjongFaceExtension.m"; path = "Stage1st/NSAttributedString+MahjongFaceExtension.m"; sourceTree = "<group>"; };
		86B052F31B0B04C800CBEF54 /* NSAttributedString+MahjongFaceExtension.h */ = {isa = PBXFileReference; lastKnownFileType = sourcecode.c.h; name = "NSAttributedString+MahjongFaceExtension.h"; path = "Stage1st/NSAttributedString+MahjongFaceExtension.h"; sourceTree = "<group>"; };
		86BA383A1C0635EC00D508AC /* DarkPalette2.plist */ = {isa = PBXFileReference; fileEncoding = 4; lastKnownFileType = text.plist.xml; name = DarkPalette2.plist; path = Stage1st/DarkPalette2.plist; sourceTree = "<group>"; };
		86BA383C1C0A106E00D508AC /* S1Application.swift */ = {isa = PBXFileReference; fileEncoding = 4; lastKnownFileType = sourcecode.swift; path = S1Application.swift; sourceTree = "<group>"; };
		86CA71DD1B19548E00204A5C /* S1MahjongFacePageView.h */ = {isa = PBXFileReference; fileEncoding = 4; lastKnownFileType = sourcecode.c.h; name = S1MahjongFacePageView.h; path = Stage1st/S1MahjongFacePageView.h; sourceTree = "<group>"; };
		86CA71DE1B19548E00204A5C /* S1MahjongFacePageView.m */ = {isa = PBXFileReference; fileEncoding = 4; lastKnownFileType = sourcecode.c.objc; name = S1MahjongFacePageView.m; path = Stage1st/S1MahjongFacePageView.m; sourceTree = "<group>"; };
		86CA71E01B197D7B00204A5C /* S1MahjongFaceButton.h */ = {isa = PBXFileReference; fileEncoding = 4; lastKnownFileType = sourcecode.c.h; name = S1MahjongFaceButton.h; path = Stage1st/S1MahjongFaceButton.h; sourceTree = "<group>"; };
		86CA71E11B197D7B00204A5C /* S1MahjongFaceButton.m */ = {isa = PBXFileReference; fileEncoding = 4; lastKnownFileType = sourcecode.c.objc; name = S1MahjongFaceButton.m; path = Stage1st/S1MahjongFaceButton.m; sourceTree = "<group>"; };
		86CA71E31B1B706B00204A5C /* MahjongCategoryOrder.plist */ = {isa = PBXFileReference; fileEncoding = 4; lastKnownFileType = text.plist.xml; name = MahjongCategoryOrder.plist; path = Stage1st/MahjongCategoryOrder.plist; sourceTree = "<group>"; };
		86D20FE01CA6B638003F2691 /* DDErrorLevelFormatter.h */ = {isa = PBXFileReference; fileEncoding = 4; lastKnownFileType = sourcecode.c.h; name = DDErrorLevelFormatter.h; path = Vendors/CrashlyticsLogger/DDErrorLevelFormatter.h; sourceTree = "<group>"; };
		86D20FE11CA6B638003F2691 /* DDErrorLevelFormatter.m */ = {isa = PBXFileReference; fileEncoding = 4; lastKnownFileType = sourcecode.c.objc; name = DDErrorLevelFormatter.m; path = Vendors/CrashlyticsLogger/DDErrorLevelFormatter.m; sourceTree = "<group>"; };
		86DD319E1D129406009C2F44 /* Poll.swift */ = {isa = PBXFileReference; fileEncoding = 4; lastKnownFileType = sourcecode.swift; name = Poll.swift; path = Stage1st/Poll.swift; sourceTree = "<group>"; };
		86DD5BFB1B57754E00A6FD34 /* DefaultPalette.plist */ = {isa = PBXFileReference; fileEncoding = 4; lastKnownFileType = text.plist.xml; name = DefaultPalette.plist; path = Stage1st/DefaultPalette.plist; sourceTree = "<group>"; };
		86DD5BFD1B577CAA00A6FD34 /* DarkPalette.plist */ = {isa = PBXFileReference; fileEncoding = 4; lastKnownFileType = text.plist.xml; name = DarkPalette.plist; path = Stage1st/DarkPalette.plist; sourceTree = "<group>"; };
		86E4396D1BEC471900027FFA /* en */ = {isa = PBXFileReference; lastKnownFileType = text.plist.strings; name = en; path = Stage1st/en.lproj/Settings.strings; sourceTree = "<group>"; };
		86E4396F1BEC478700027FFA /* zh-Hans */ = {isa = PBXFileReference; lastKnownFileType = text.plist.strings; name = "zh-Hans"; path = "Stage1st/zh-Hans.lproj/Settings.strings"; sourceTree = "<group>"; };
		86E5C2701A0BDD19006D8D6A /* S1ReorderForumViewController.h */ = {isa = PBXFileReference; fileEncoding = 4; lastKnownFileType = sourcecode.c.h; name = S1ReorderForumViewController.h; path = Stage1st/S1ReorderForumViewController.h; sourceTree = "<group>"; };
		86E5C2711A0BDD19006D8D6A /* S1ReorderForumViewController.m */ = {isa = PBXFileReference; fileEncoding = 4; lastKnownFileType = sourcecode.c.objc; name = S1ReorderForumViewController.m; path = Stage1st/S1ReorderForumViewController.m; sourceTree = "<group>"; };
		86E5F1DC1C8BDD4100DFFF12 /* CrashlyticsLogger.h */ = {isa = PBXFileReference; fileEncoding = 4; lastKnownFileType = sourcecode.c.h; name = CrashlyticsLogger.h; path = Vendors/CrashlyticsLogger/CrashlyticsLogger.h; sourceTree = "<group>"; };
		86E5F1DD1C8BDD4100DFFF12 /* CrashlyticsLogger.m */ = {isa = PBXFileReference; fileEncoding = 4; lastKnownFileType = sourcecode.c.objc; name = CrashlyticsLogger.m; path = Vendors/CrashlyticsLogger/CrashlyticsLogger.m; sourceTree = "<group>"; };
		86EBF1EE1CE6F19D00641A2D /* WebTemplate.bundle */ = {isa = PBXFileReference; lastKnownFileType = "wrapper.plug-in"; name = WebTemplate.bundle; path = Stage1st/WebTemplate.bundle; sourceTree = "<group>"; };
		86EBF1F01CE720FB00641A2D /* S1Animator.swift */ = {isa = PBXFileReference; fileEncoding = 4; lastKnownFileType = sourcecode.swift; name = S1Animator.swift; path = Stage1st/S1Animator.swift; sourceTree = "<group>"; };
		86EF6CE91C6879D7007ADEE4 /* QuoteFloorViewModel.swift */ = {isa = PBXFileReference; fileEncoding = 4; lastKnownFileType = sourcecode.swift; name = QuoteFloorViewModel.swift; path = Stage1st/QuoteFloorViewModel.swift; sourceTree = "<group>"; };
		86F312E71C4F45880026D6BB /* libxml2.tbd */ = {isa = PBXFileReference; lastKnownFileType = "sourcecode.text-based-dylib-definition"; name = libxml2.tbd; path = usr/lib/libxml2.tbd; sourceTree = SDKROOT; };
		86F312E91C4F54100026D6BB /* QuoteFloorCell.swift */ = {isa = PBXFileReference; fileEncoding = 4; lastKnownFileType = sourcecode.swift; name = QuoteFloorCell.swift; path = Stage1st/QuoteFloorCell.swift; sourceTree = "<group>"; };
		86FD82771CF9A75600C9700E /* S1FoundationTests.swift */ = {isa = PBXFileReference; fileEncoding = 4; lastKnownFileType = sourcecode.swift; path = S1FoundationTests.swift; sourceTree = "<group>"; };
		86FEACE51CDF5F5B00ECD694 /* DiscuzAPIManager.swift */ = {isa = PBXFileReference; fileEncoding = 4; lastKnownFileType = sourcecode.swift; name = DiscuzAPIManager.swift; path = Stage1st/DiscuzAPIManager.swift; sourceTree = "<group>"; };
		86FFD3231CB906F200EF742A /* SettingsViewController.swift */ = {isa = PBXFileReference; fileEncoding = 4; lastKnownFileType = sourcecode.swift; name = SettingsViewController.swift; path = Stage1st/SettingsViewController.swift; sourceTree = "<group>"; };
		86FFD3251CB90C1E00EF742A /* TopicListViewController.swift */ = {isa = PBXFileReference; fileEncoding = 4; lastKnownFileType = sourcecode.swift; name = TopicListViewController.swift; path = Stage1st/TopicListViewController.swift; sourceTree = "<group>"; };
		86FFD3271CB95F1500EF742A /* ContentViewController.swift */ = {isa = PBXFileReference; fileEncoding = 4; lastKnownFileType = sourcecode.swift; name = ContentViewController.swift; path = Stage1st/ContentViewController.swift; sourceTree = "<group>"; };
		991CB7A10E23884E049E3438 /* Pods_Stage1st.framework */ = {isa = PBXFileReference; explicitFileType = wrapper.framework; includeInIndex = 0; path = Pods_Stage1st.framework; sourceTree = BUILT_PRODUCTS_DIR; };
		C05286C116D3428E000B0DBD /* S1Parser.h */ = {isa = PBXFileReference; fileEncoding = 4; lastKnownFileType = sourcecode.c.h; name = S1Parser.h; path = Stage1st/S1Parser.h; sourceTree = "<group>"; };
		C05286C216D3428E000B0DBD /* S1Parser.m */ = {isa = PBXFileReference; fileEncoding = 4; lastKnownFileType = sourcecode.c.objc; name = S1Parser.m; path = Stage1st/S1Parser.m; sourceTree = "<group>"; };
		C05286C416D3B881000B0DBD /* S1HTTPSessionManager.h */ = {isa = PBXFileReference; fileEncoding = 4; lastKnownFileType = sourcecode.c.h; name = S1HTTPSessionManager.h; path = Stage1st/S1HTTPSessionManager.h; sourceTree = "<group>"; };
		C05286C516D3B881000B0DBD /* S1HTTPSessionManager.m */ = {isa = PBXFileReference; fileEncoding = 4; lastKnownFileType = sourcecode.c.objc; name = S1HTTPSessionManager.m; path = Stage1st/S1HTTPSessionManager.m; sourceTree = "<group>"; };
		C08334F316E2245B0035C1AA /* ODRefreshControl.h */ = {isa = PBXFileReference; fileEncoding = 4; lastKnownFileType = sourcecode.c.h; path = ODRefreshControl.h; sourceTree = "<group>"; };
		C08334F416E2245B0035C1AA /* ODRefreshControl.m */ = {isa = PBXFileReference; fileEncoding = 4; lastKnownFileType = sourcecode.c.objc; path = ODRefreshControl.m; sourceTree = "<group>"; };
		C08334F616E22E1F0035C1AA /* S1TabBar.h */ = {isa = PBXFileReference; fileEncoding = 4; lastKnownFileType = sourcecode.c.h; name = S1TabBar.h; path = Stage1st/S1TabBar.h; sourceTree = "<group>"; };
		C08334F716E22E1F0035C1AA /* S1TabBar.m */ = {isa = PBXFileReference; fileEncoding = 4; lastKnownFileType = sourcecode.c.objc; lineEnding = 0; name = S1TabBar.m; path = Stage1st/S1TabBar.m; sourceTree = "<group>"; xcLanguageSpecificationIdentifier = xcode.lang.objc; };
		C083351516E34DCF0035C1AA /* ForumKeyMap.plist */ = {isa = PBXFileReference; fileEncoding = 4; lastKnownFileType = text.plist.xml; name = ForumKeyMap.plist; path = Stage1st/ForumKeyMap.plist; sourceTree = "<group>"; };
		C083351716E363870035C1AA /* S1Tracer.h */ = {isa = PBXFileReference; fileEncoding = 4; lastKnownFileType = sourcecode.c.h; name = S1Tracer.h; path = Stage1st/S1Tracer.h; sourceTree = "<group>"; };
		C083351816E363870035C1AA /* S1Tracer.m */ = {isa = PBXFileReference; fileEncoding = 4; lastKnownFileType = sourcecode.c.objc; name = S1Tracer.m; path = Stage1st/S1Tracer.m; sourceTree = "<group>"; };
		C083353616E4FB220035C1AA /* InitialOrder.plist */ = {isa = PBXFileReference; fileEncoding = 4; lastKnownFileType = text.plist.xml; name = InitialOrder.plist; path = Stage1st/InitialOrder.plist; sourceTree = "<group>"; };
		C083353C16E647A80035C1AA /* GTMDefines.h */ = {isa = PBXFileReference; fileEncoding = 4; lastKnownFileType = sourcecode.c.h; path = GTMDefines.h; sourceTree = "<group>"; };
		C083353D16E647A80035C1AA /* GTMNSString+HTML.h */ = {isa = PBXFileReference; fileEncoding = 4; lastKnownFileType = sourcecode.c.h; path = "GTMNSString+HTML.h"; sourceTree = "<group>"; };
		C083353E16E647A80035C1AA /* GTMNSString+HTML.m */ = {isa = PBXFileReference; fileEncoding = 4; lastKnownFileType = sourcecode.c.objc; path = "GTMNSString+HTML.m"; sourceTree = "<group>"; };
		C08A440E16DA779E003BF44C /* S1URLCache.h */ = {isa = PBXFileReference; fileEncoding = 4; lastKnownFileType = sourcecode.c.h; name = S1URLCache.h; path = Stage1st/S1URLCache.h; sourceTree = "<group>"; };
		C08A440F16DA779E003BF44C /* S1URLCache.m */ = {isa = PBXFileReference; fileEncoding = 4; lastKnownFileType = sourcecode.c.objc; name = S1URLCache.m; path = Stage1st/S1URLCache.m; sourceTree = "<group>"; };
		C08DB46716DE3152002B4A92 /* S1TopicListCell.h */ = {isa = PBXFileReference; fileEncoding = 4; lastKnownFileType = sourcecode.c.h; name = S1TopicListCell.h; path = Stage1st/S1TopicListCell.h; sourceTree = "<group>"; };
		C08DB46816DE3152002B4A92 /* S1TopicListCell.m */ = {isa = PBXFileReference; fileEncoding = 4; lastKnownFileType = sourcecode.c.objc; lineEnding = 0; name = S1TopicListCell.m; path = Stage1st/S1TopicListCell.m; sourceTree = "<group>"; xcLanguageSpecificationIdentifier = xcode.lang.objc; };
		C08DB46E16DE41FB002B4A92 /* Mahjong */ = {isa = PBXFileReference; lastKnownFileType = folder; path = Mahjong; sourceTree = "<group>"; };
		C090DA8D16D8F39F00BF7780 /* S1HUD.h */ = {isa = PBXFileReference; fileEncoding = 4; lastKnownFileType = sourcecode.c.h; name = S1HUD.h; path = Stage1st/S1HUD.h; sourceTree = "<group>"; };
		C090DA8E16D8F39F00BF7780 /* S1HUD.m */ = {isa = PBXFileReference; fileEncoding = 4; lastKnownFileType = sourcecode.c.objc; name = S1HUD.m; path = Stage1st/S1HUD.m; sourceTree = "<group>"; };
		C095873416CA8A36007E0119 /* Stage1st.app */ = {isa = PBXFileReference; explicitFileType = wrapper.application; includeInIndex = 0; path = Stage1st.app; sourceTree = BUILT_PRODUCTS_DIR; };
		C095873F16CA8A36007E0119 /* Stage1st-Info.plist */ = {isa = PBXFileReference; lastKnownFileType = text.plist.xml; path = "Stage1st-Info.plist"; sourceTree = "<group>"; };
		C095874116CA8A36007E0119 /* en */ = {isa = PBXFileReference; fileEncoding = 10; lastKnownFileType = text.plist.strings; name = en; path = en.lproj/Localizable.strings; sourceTree = "<group>"; };
		C095874316CA8A36007E0119 /* main.m */ = {isa = PBXFileReference; lastKnownFileType = sourcecode.c.objc; path = main.m; sourceTree = "<group>"; };
		C095874616CA8A36007E0119 /* S1AppDelegate.h */ = {isa = PBXFileReference; lastKnownFileType = sourcecode.c.h; path = S1AppDelegate.h; sourceTree = "<group>"; };
		C095874716CA8A36007E0119 /* S1AppDelegate.m */ = {isa = PBXFileReference; lastKnownFileType = sourcecode.c.objc; lineEnding = 0; path = S1AppDelegate.m; sourceTree = "<group>"; xcLanguageSpecificationIdentifier = xcode.lang.objc; };
		C095877D16CA8E7E007E0119 /* S1Topic.h */ = {isa = PBXFileReference; fileEncoding = 4; lastKnownFileType = sourcecode.c.h; name = S1Topic.h; path = Stage1st/S1Topic.h; sourceTree = "<group>"; };
		C095877E16CA8E7E007E0119 /* S1Topic.m */ = {isa = PBXFileReference; fileEncoding = 4; lastKnownFileType = sourcecode.c.objc; name = S1Topic.m; path = Stage1st/S1Topic.m; sourceTree = "<group>"; };
		C095878916CA993A007E0119 /* S1ContentViewController.h */ = {isa = PBXFileReference; fileEncoding = 4; lastKnownFileType = sourcecode.c.h; name = S1ContentViewController.h; path = Stage1st/S1ContentViewController.h; sourceTree = "<group>"; };
		C095878A16CA993A007E0119 /* S1ContentViewController.m */ = {isa = PBXFileReference; fileEncoding = 4; lastKnownFileType = sourcecode.c.objc; lineEnding = 0; name = S1ContentViewController.m; path = Stage1st/S1ContentViewController.m; sourceTree = "<group>"; xcLanguageSpecificationIdentifier = xcode.lang.objc; };
		C095878C16CA9959007E0119 /* S1TopicListViewController.h */ = {isa = PBXFileReference; fileEncoding = 4; lastKnownFileType = sourcecode.c.h; name = S1TopicListViewController.h; path = Stage1st/S1TopicListViewController.h; sourceTree = "<group>"; };
		C095878D16CA9959007E0119 /* S1TopicListViewController.m */ = {isa = PBXFileReference; fileEncoding = 4; lastKnownFileType = sourcecode.c.objc; lineEnding = 0; name = S1TopicListViewController.m; path = Stage1st/S1TopicListViewController.m; sourceTree = "<group>"; xcLanguageSpecificationIdentifier = xcode.lang.objc; };
		C095879016CB61FC007E0119 /* GSReorderableTableViewController.h */ = {isa = PBXFileReference; fileEncoding = 4; lastKnownFileType = sourcecode.c.h; path = GSReorderableTableViewController.h; sourceTree = "<group>"; };
		C095879116CB61FC007E0119 /* GSReorderableTableViewController.m */ = {isa = PBXFileReference; fileEncoding = 4; lastKnownFileType = sourcecode.c.objc; path = GSReorderableTableViewController.m; sourceTree = "<group>"; };
		C095879216CB61FC007E0119 /* GSRow.h */ = {isa = PBXFileReference; fileEncoding = 4; lastKnownFileType = sourcecode.c.h; path = GSRow.h; sourceTree = "<group>"; };
		C095879316CB61FC007E0119 /* GSRow.m */ = {isa = PBXFileReference; fileEncoding = 4; lastKnownFileType = sourcecode.c.objc; path = GSRow.m; sourceTree = "<group>"; };
		C095879416CB61FC007E0119 /* GSSection.h */ = {isa = PBXFileReference; fileEncoding = 4; lastKnownFileType = sourcecode.c.h; path = GSSection.h; sourceTree = "<group>"; };
		C095879516CB61FC007E0119 /* GSSection.m */ = {isa = PBXFileReference; fileEncoding = 4; lastKnownFileType = sourcecode.c.objc; path = GSSection.m; sourceTree = "<group>"; };
		C095879616CB61FC007E0119 /* GSSingleSelectionTableViewController.h */ = {isa = PBXFileReference; fileEncoding = 4; lastKnownFileType = sourcecode.c.h; path = GSSingleSelectionTableViewController.h; sourceTree = "<group>"; };
		C095879716CB61FC007E0119 /* GSSingleSelectionTableViewController.m */ = {isa = PBXFileReference; fileEncoding = 4; lastKnownFileType = sourcecode.c.objc; path = GSSingleSelectionTableViewController.m; sourceTree = "<group>"; };
		C095879816CB61FC007E0119 /* GSStaticTableViewBuilder.h */ = {isa = PBXFileReference; fileEncoding = 4; lastKnownFileType = sourcecode.c.h; path = GSStaticTableViewBuilder.h; sourceTree = "<group>"; };
		C095879916CB61FC007E0119 /* GSStaticTableViewController.h */ = {isa = PBXFileReference; fileEncoding = 4; lastKnownFileType = sourcecode.c.h; path = GSStaticTableViewController.h; sourceTree = "<group>"; };
		C095879A16CB61FC007E0119 /* GSStaticTableViewController.m */ = {isa = PBXFileReference; fileEncoding = 4; lastKnownFileType = sourcecode.c.objc; path = GSStaticTableViewController.m; sourceTree = "<group>"; };
		C095879B16CB61FC007E0119 /* UIControl+BlockWrapper.h */ = {isa = PBXFileReference; fileEncoding = 4; lastKnownFileType = sourcecode.c.h; path = "UIControl+BlockWrapper.h"; sourceTree = "<group>"; };
		C095879C16CB61FC007E0119 /* UIControl+BlockWrapper.m */ = {isa = PBXFileReference; fileEncoding = 4; lastKnownFileType = sourcecode.c.objc; path = "UIControl+BlockWrapper.m"; sourceTree = "<group>"; };
		C09587A416CB623E007E0119 /* SettingsViewController.h */ = {isa = PBXFileReference; fileEncoding = 4; lastKnownFileType = sourcecode.c.h; name = SettingsViewController.h; path = Stage1st/SettingsViewController.h; sourceTree = "<group>"; };
		C09587A516CB623E007E0119 /* SettingsViewController.m */ = {isa = PBXFileReference; fileEncoding = 4; lastKnownFileType = sourcecode.c.objc; name = SettingsViewController.m; path = Stage1st/SettingsViewController.m; sourceTree = "<group>"; };
		C0AEAE8516F6267900CB0E71 /* MTStatusBarOverlay.h */ = {isa = PBXFileReference; fileEncoding = 4; lastKnownFileType = sourcecode.c.h; path = MTStatusBarOverlay.h; sourceTree = "<group>"; };
		C0AEAE8616F6267900CB0E71 /* MTStatusBarOverlay.m */ = {isa = PBXFileReference; fileEncoding = 4; lastKnownFileType = sourcecode.c.objc; lineEnding = 0; path = MTStatusBarOverlay.m; sourceTree = "<group>"; xcLanguageSpecificationIdentifier = xcode.lang.objc; };
		CC2DA46B733F2DE1887C78AE /* Pods-Stage1stTests.debug.xcconfig */ = {isa = PBXFileReference; includeInIndex = 1; lastKnownFileType = text.xcconfig; name = "Pods-Stage1stTests.debug.xcconfig"; path = "Pods/Target Support Files/Pods-Stage1stTests/Pods-Stage1stTests.debug.xcconfig"; sourceTree = "<group>"; };
		E5F83F6F9AB0F984CC62588A /* Pods-Stage1st.release.xcconfig */ = {isa = PBXFileReference; includeInIndex = 1; lastKnownFileType = text.xcconfig; name = "Pods-Stage1st.release.xcconfig"; path = "Pods/Target Support Files/Pods-Stage1st/Pods-Stage1st.release.xcconfig"; sourceTree = "<group>"; };
		E95A18822A9B28E3E7E48592 /* Pods-Stage1stTests.release.xcconfig */ = {isa = PBXFileReference; includeInIndex = 1; lastKnownFileType = text.xcconfig; name = "Pods-Stage1stTests.release.xcconfig"; path = "Pods/Target Support Files/Pods-Stage1stTests/Pods-Stage1stTests.release.xcconfig"; sourceTree = "<group>"; };
/* End PBXFileReference section */

/* Begin PBXFrameworksBuildPhase section */
		8681E6B91CEF61ED004269D3 /* Frameworks */ = {
			isa = PBXFrameworksBuildPhase;
			buildActionMask = 2147483647;
			files = (
				7B670747DD553D17A8D1236F /* Pods_Stage1stTests.framework in Frameworks */,
			);
			runOnlyForDeploymentPostprocessing = 0;
		};
		C095873116CA8A36007E0119 /* Frameworks */ = {
			isa = PBXFrameworksBuildPhase;
			buildActionMask = 2147483647;
			files = (
				86F312E81C4F45880026D6BB /* libxml2.tbd in Frameworks */,
				8605734F1B7623A300C70781 /* CloudKit.framework in Frameworks */,
				B9F3162CDD829E5736F68499 /* Pods_Stage1st.framework in Frameworks */,
			);
			runOnlyForDeploymentPostprocessing = 0;
		};
/* End PBXFrameworksBuildPhase section */

/* Begin PBXGroup section */
		6CF580A5C400129A27902A54 /* Pods */ = {
			isa = PBXGroup;
			children = (
				4358B1D3313628BA0A5AAF21 /* Pods-Stage1st.debug.xcconfig */,
				E5F83F6F9AB0F984CC62588A /* Pods-Stage1st.release.xcconfig */,
				CC2DA46B733F2DE1887C78AE /* Pods-Stage1stTests.debug.xcconfig */,
				E95A18822A9B28E3E7E48592 /* Pods-Stage1stTests.release.xcconfig */,
			);
			name = Pods;
			sourceTree = "<group>";
		};
		8605735D1B762C6100C70781 /* Sqlite3 */ = {
			isa = PBXGroup;
			children = (
				C083351716E363870035C1AA /* S1Tracer.h */,
				C083351816E363870035C1AA /* S1Tracer.m */,
			);
			name = Sqlite3;
			sourceTree = "<group>";
		};
		862F51B61891359A0038A289 /* TFHpple */ = {
			isa = PBXGroup;
			children = (
				862F51B7189136000038A289 /* TFHpple.h */,
				862F51B8189136000038A289 /* TFHpple.m */,
				862F51B9189136000038A289 /* TFHppleElement.h */,
				862F51BA189136000038A289 /* TFHppleElement.m */,
				862F51BB189136000038A289 /* XPathQuery.h */,
				862F51BC189136000038A289 /* XPathQuery.m */,
			);
			name = TFHpple;
			sourceTree = "<group>";
		};
		863580111A945DED007B21AD /* Topic List */ = {
			isa = PBXGroup;
			children = (
				C095878C16CA9959007E0119 /* S1TopicListViewController.h */,
				C095878D16CA9959007E0119 /* S1TopicListViewController.m */,
				86FFD3251CB90C1E00EF742A /* TopicListViewController.swift */,
				8694BCD71CED9AD400756C4A /* S1TopicListViewModel.swift */,
				C08DB46716DE3152002B4A92 /* S1TopicListCell.h */,
				C08DB46816DE3152002B4A92 /* S1TopicListCell.m */,
				86991FD7188E76E800B7054F /* S1TopicListCellSubView.h */,
				86991FD8188E76E800B7054F /* S1TopicListCellSubView.m */,
			);
			name = "Topic List";
			sourceTree = "<group>";
		};
		863580121A945DFF007B21AD /* Content */ = {
			isa = PBXGroup;
			children = (
				C095878916CA993A007E0119 /* S1ContentViewController.h */,
				C095878A16CA993A007E0119 /* S1ContentViewController.m */,
				86FFD3271CB95F1500EF742A /* ContentViewController.swift */,
				8693431819E5A074008F7A58 /* S1ContentViewModel.h */,
				8693431919E5A074008F7A58 /* S1ContentViewModel.m */,
				86221B831CA6594D00015522 /* S1ContentViewModel.swift */,
			);
			name = Content;
			sourceTree = "<group>";
		};
		865BE0E91AB6F03B0097BB59 /* S1MahjongFaceView */ = {
			isa = PBXGroup;
			children = (
				86600FBB1AAD969D004394E6 /* MahjongMap.plist */,
				86CA71E31B1B706B00204A5C /* MahjongCategoryOrder.plist */,
				865BE0EA1AB6F08C0097BB59 /* S1MahjongFaceView.h */,
				865BE0EB1AB6F08C0097BB59 /* S1MahjongFaceView.m */,
				86B052EE1B0B039000CBEF54 /* S1MahjongFaceTextAttachment.h */,
				86B052EF1B0B039000CBEF54 /* S1MahjongFaceTextAttachment.m */,
				86B052F11B0B04AD00CBEF54 /* NSAttributedString+MahjongFaceExtension.m */,
				86B052F31B0B04C800CBEF54 /* NSAttributedString+MahjongFaceExtension.h */,
				86CA71DD1B19548E00204A5C /* S1MahjongFacePageView.h */,
				86CA71DE1B19548E00204A5C /* S1MahjongFacePageView.m */,
				86CA71E01B197D7B00204A5C /* S1MahjongFaceButton.h */,
				86CA71E11B197D7B00204A5C /* S1MahjongFaceButton.m */,
				8687C7BD1DA0BA630038A2F6 /* MahjongFaceItem.swift */,
			);
			name = S1MahjongFaceView;
			sourceTree = "<group>";
		};
		865C251B1C99110C0075B303 /* View Controller */ = {
			isa = PBXGroup;
			children = (
				863580111A945DED007B21AD /* Topic List */,
				863580121A945DFF007B21AD /* Content */,
				866CDB951B526C4800FBB133 /* Quote Floor */,
				86A22D231D677B16004D2307 /* Report */,
				8671E56F1CFDEB1800F4A854 /* User */,
				86A22D241D677B21004D2307 /* Browser */,
				C09587A316CB6218007E0119 /* Settings */,
			);
			name = "View Controller";
			sourceTree = "<group>";
		};
		866CDB951B526C4800FBB133 /* Quote Floor */ = {
			isa = PBXGroup;
			children = (
				866CDB961B526DB100FBB133 /* S1QuoteFloorViewController.swift */,
				86EF6CE91C6879D7007ADEE4 /* QuoteFloorViewModel.swift */,
				86F312E91C4F54100026D6BB /* QuoteFloorCell.swift */,
			);
			name = "Quote Floor";
			sourceTree = "<group>";
		};
		8671E56F1CFDEB1800F4A854 /* User */ = {
			isa = PBXGroup;
			children = (
				8671E5701CFDEB3E00F4A854 /* UserViewModel.swift */,
				862DB7991C8891070068F75F /* UserViewController.swift */,
			);
			name = User;
			sourceTree = "<group>";
		};
		867C7F4D1899420D00DF55E8 /* REComposeViewController */ = {
			isa = PBXGroup;
			children = (
				867C7F501899420D00DF55E8 /* DEComposeTextView.h */,
				867C7F511899420D00DF55E8 /* DEComposeTextView.m */,
				867C7F561899420D00DF55E8 /* REComposeSheetView.h */,
				867C7F571899420D00DF55E8 /* REComposeSheetView.m */,
				867C7F591899420D00DF55E8 /* REComposeViewController.h */,
				867C7F5A1899420D00DF55E8 /* REComposeViewController.m */,
			);
			name = REComposeViewController;
			path = Vendors/REComposeViewController;
			sourceTree = "<group>";
		};
		8681E6BD1CEF61ED004269D3 /* Stage1stTests */ = {
			isa = PBXGroup;
			children = (
				8681E6BE1CEF61ED004269D3 /* Stage1stTests.swift */,
				86FD82771CF9A75600C9700E /* S1FoundationTests.swift */,
				8681E6C01CEF61ED004269D3 /* Info.plist */,
			);
			path = Stage1stTests;
			sourceTree = "<group>";
		};
		8681E6D41CEF6EC0004269D3 /* Manager */ = {
			isa = PBXGroup;
			children = (
				C08A440D16DA775F003BF44C /* Networking */,
				86A5AD871B56BAAE00E80790 /* Database */,
				86040B7E19DE3A74004BF2BC /* S1DataCenter.h */,
				86040B7F19DE3A74004BF2BC /* S1DataCenter.m */,
			);
			name = Manager;
			sourceTree = "<group>";
		};
		86A22D231D677B16004D2307 /* Report */ = {
			isa = PBXGroup;
			children = (
				86A22D251D69BB1D004D2307 /* ReportComposeViewController.swift */,
			);
			name = Report;
			sourceTree = "<group>";
		};
		86A22D241D677B21004D2307 /* Browser */ = {
			isa = PBXGroup;
			children = (
				8694BCD51CEC42C200756C4A /* WebViewController.swift */,
			);
			name = Browser;
			sourceTree = "<group>";
		};
		86A5AD871B56BAAE00E80790 /* Database */ = {
			isa = PBXGroup;
			children = (
				860573501B76290D00C70781 /* S1YapDatabaseAdapter.h */,
				860573511B76290D00C70781 /* S1YapDatabaseAdapter.m */,
				860573531B762C3B00C70781 /* CloudKitManager.h */,
				860573541B762C3B00C70781 /* CloudKitManager.m */,
				860573551B762C3B00C70781 /* DatabaseManager.h */,
				860573561B762C3B00C70781 /* DatabaseManager.m */,
				8607E40B1D8EFEE0009B16D8 /* CacheDatabaseManager.swift */,
				8605735D1B762C6100C70781 /* Sqlite3 */,
			);
			name = Database;
			sourceTree = "<group>";
		};
		86D20FE31CA6B64A003F2691 /* Logger */ = {
			isa = PBXGroup;
			children = (
				86E5F1DC1C8BDD4100DFFF12 /* CrashlyticsLogger.h */,
				86E5F1DD1C8BDD4100DFFF12 /* CrashlyticsLogger.m */,
				86D20FE01CA6B638003F2691 /* DDErrorLevelFormatter.h */,
				86D20FE11CA6B638003F2691 /* DDErrorLevelFormatter.m */,
			);
			name = Logger;
			sourceTree = "<group>";
		};
		86EF8AEC1CDE397800243D52 /* Colors */ = {
			isa = PBXGroup;
			children = (
				86DD5BFB1B57754E00A6FD34 /* DefaultPalette.plist */,
				86DD5BFD1B577CAA00A6FD34 /* DarkPalette.plist */,
				86BA383A1C0635EC00D508AC /* DarkPalette2.plist */,
				86038F431B5B3DA400F84F1A /* ColorMap.plist */,
			);
			name = Colors;
			sourceTree = "<group>";
		};
		C08334F216E2245B0035C1AA /* ODRefreshControl */ = {
			isa = PBXGroup;
			children = (
				C08334F316E2245B0035C1AA /* ODRefreshControl.h */,
				C08334F416E2245B0035C1AA /* ODRefreshControl.m */,
			);
			name = ODRefreshControl;
			path = Vendors/ODRefreshControl;
			sourceTree = "<group>";
		};
		C083353B16E647A70035C1AA /* GoogleToolbox */ = {
			isa = PBXGroup;
			children = (
				C083353C16E647A80035C1AA /* GTMDefines.h */,
				C083353D16E647A80035C1AA /* GTMNSString+HTML.h */,
				C083353E16E647A80035C1AA /* GTMNSString+HTML.m */,
			);
			name = GoogleToolbox;
			path = Vendors/GoogleToolbox;
			sourceTree = "<group>";
		};
		C08A440D16DA775F003BF44C /* Networking */ = {
			isa = PBXGroup;
			children = (
				86040B8119DE3B0B004BF2BC /* S1NetworkManager.h */,
				86040B8219DE3B0B004BF2BC /* S1NetworkManager.m */,
				C05286C416D3B881000B0DBD /* S1HTTPSessionManager.h */,
				C05286C516D3B881000B0DBD /* S1HTTPSessionManager.m */,
				86FEACE51CDF5F5B00ECD694 /* DiscuzAPIManager.swift */,
				86AF9E3A1CF434EC008C7E8D /* DiscuzAPIManager+Teleport.swift */,
				C08A440E16DA779E003BF44C /* S1URLCache.h */,
				C08A440F16DA779E003BF44C /* S1URLCache.m */,
			);
			name = Networking;
			sourceTree = "<group>";
		};
		C095872B16CA8A36007E0119 = {
			isa = PBXGroup;
			children = (
				C095875516CA8A43007E0119 /* Resources */,
				C095875416CA8A3E007E0119 /* Vendors */,
				865C251B1C99110C0075B303 /* View Controller */,
				C095877A16CA8DB0007E0119 /* Model */,
				C095877B16CA8DBE007E0119 /* View */,
				8681E6D41CEF6EC0004269D3 /* Manager */,
				C05286C116D3428E000B0DBD /* S1Parser.h */,
				C05286C216D3428E000B0DBD /* S1Parser.m */,
				869CAF0F1A18831D00EB2BF4 /* NavigationControllerDelegate.h */,
				869CAF101A18831D00EB2BF4 /* NavigationControllerDelegate.m */,
				86EBF1F01CE720FB00641A2D /* S1Animator.swift */,
				C095873D16CA8A36007E0119 /* Stage1st */,
				8681E6BD1CEF61ED004269D3 /* Stage1stTests */,
				C095873616CA8A36007E0119 /* Frameworks */,
				C095873516CA8A36007E0119 /* Products */,
				6CF580A5C400129A27902A54 /* Pods */,
			);
			sourceTree = "<group>";
		};
		C095873516CA8A36007E0119 /* Products */ = {
			isa = PBXGroup;
			children = (
				C095873416CA8A36007E0119 /* Stage1st.app */,
				8681E6BC1CEF61ED004269D3 /* Stage1stTests.xctest */,
			);
			name = Products;
			sourceTree = "<group>";
		};
		C095873616CA8A36007E0119 /* Frameworks */ = {
			isa = PBXGroup;
			children = (
				86F312E71C4F45880026D6BB /* libxml2.tbd */,
				8605734E1B7623A300C70781 /* CloudKit.framework */,
				991CB7A10E23884E049E3438 /* Pods_Stage1st.framework */,
				806C850B09C10F1B9F1345A0 /* Pods_Stage1stTests.framework */,
			);
			name = Frameworks;
			sourceTree = "<group>";
		};
		C095873D16CA8A36007E0119 /* Stage1st */ = {
			isa = PBXGroup;
			children = (
				C095874616CA8A36007E0119 /* S1AppDelegate.h */,
				C095874716CA8A36007E0119 /* S1AppDelegate.m */,
				8661263B1CB289EF00180C6A /* S1AppDelegate.swift */,
				860223501895051400A3E66E /* S1Global.h */,
				860223511895051400A3E66E /* S1Global.m */,
				862DB7A81C8AB17A0068F75F /* Stage1st-Bridging-Header.h */,
				862DB7AB1C8AF8D50068F75F /* PrefixHeader.pch */,
				C095873F16CA8A36007E0119 /* Stage1st-Info.plist */,
				865616821AC6C48C00CFD773 /* Stage1st.entitlements */,
				C095874316CA8A36007E0119 /* main.m */,
				86BA383C1C0A106E00D508AC /* S1Application.swift */,
			);
			path = Stage1st;
			sourceTree = "<group>";
		};
		C095875416CA8A3E007E0119 /* Vendors */ = {
			isa = PBXGroup;
			children = (
				868799201CE629BE00F5C75C /* JASON+Alamofire.swift */,
				86221B851CA65E3600015522 /* S1Utility.swift */,
				862DB7A01C8AB0000068F75F /* ColorManager.swift */,
				862DB7A11C8AB0000068F75F /* PullToActionController.swift */,
				868A98041CA7F22500498C38 /* AnimationButton.swift */,
				862DB7A61C8AB1680068F75F /* ReplyAccessoryView.swift */,
				869E02391DA67293006A45FE /* ActivityItemProvider.swift */,
				86D20FE31CA6B64A003F2691 /* Logger */,
				865BE0E91AB6F03B0097BB59 /* S1MahjongFaceView */,
				867C7F4D1899420D00DF55E8 /* REComposeViewController */,
				862F51B61891359A0038A289 /* TFHpple */,
				C0AEAE8416F6267800CB0E71 /* MTStatusBarOverlay */,
				C083353B16E647A70035C1AA /* GoogleToolbox */,
				C08334F216E2245B0035C1AA /* ODRefreshControl */,
				C095878F16CB61FC007E0119 /* StaticTableViewBuilder */,
				86A393C41DA64DCB00E30C01 /* UIScrollView+WKWebViewHack.h */,
				86A393C51DA64DCB00E30C01 /* UIScrollView+WKWebViewHack.m */,
			);
			name = Vendors;
			sourceTree = "<group>";
		};
		C095875516CA8A43007E0119 /* Resources */ = {
			isa = PBXGroup;
			children = (
				864E1CC119C34E5B00350FA6 /* LaunchScreen.storyboard */,
				865673171A7A7B190025D22E /* Settings.storyboard */,
				86EBF1EE1CE6F19D00641A2D /* WebTemplate.bundle */,
				86EF8AEC1CDE397800243D52 /* Colors */,
				C083351516E34DCF0035C1AA /* ForumKeyMap.plist */,
				C083353616E4FB220035C1AA /* InitialOrder.plist */,
				860DAD4C18900A1D0098EA3F /* resources.xcassets */,
				C095874016CA8A36007E0119 /* Localizable.strings */,
				C08DB46E16DE41FB002B4A92 /* Mahjong */,
			);
			name = Resources;
			sourceTree = "<group>";
		};
		C095877A16CA8DB0007E0119 /* Model */ = {
			isa = PBXGroup;
			children = (
				860573571B762C3B00C70781 /* MyDatabaseObject.h */,
				860573581B762C3B00C70781 /* MyDatabaseObject.m */,
				C095877D16CA8E7E007E0119 /* S1Topic.h */,
				C095877E16CA8E7E007E0119 /* S1Topic.m */,
				8681E6B61CEF4683004269D3 /* Topic.swift */,
				86319B401CA69EEB004F7586 /* Floor.swift */,
				862DB7A91C8AB1870068F75F /* User.swift */,
				86DD319E1D129406009C2F44 /* Poll.swift */,
			);
			name = Model;
			sourceTree = "<group>";
		};
		C095877B16CA8DBE007E0119 /* View */ = {
			isa = PBXGroup;
			children = (
				C090DA8D16D8F39F00BF7780 /* S1HUD.h */,
				C090DA8E16D8F39F00BF7780 /* S1HUD.m */,
				C08334F616E22E1F0035C1AA /* S1TabBar.h */,
				C08334F716E22E1F0035C1AA /* S1TabBar.m */,
			);
			name = View;
			sourceTree = "<group>";
		};
		C095878F16CB61FC007E0119 /* StaticTableViewBuilder */ = {
			isa = PBXGroup;
			children = (
				C095879816CB61FC007E0119 /* GSStaticTableViewBuilder.h */,
				C095879216CB61FC007E0119 /* GSRow.h */,
				C095879316CB61FC007E0119 /* GSRow.m */,
				C095879416CB61FC007E0119 /* GSSection.h */,
				C095879516CB61FC007E0119 /* GSSection.m */,
				C095879916CB61FC007E0119 /* GSStaticTableViewController.h */,
				C095879A16CB61FC007E0119 /* GSStaticTableViewController.m */,
				C095879616CB61FC007E0119 /* GSSingleSelectionTableViewController.h */,
				C095879716CB61FC007E0119 /* GSSingleSelectionTableViewController.m */,
				C095879016CB61FC007E0119 /* GSReorderableTableViewController.h */,
				C095879116CB61FC007E0119 /* GSReorderableTableViewController.m */,
				C095879B16CB61FC007E0119 /* UIControl+BlockWrapper.h */,
				C095879C16CB61FC007E0119 /* UIControl+BlockWrapper.m */,
			);
			name = StaticTableViewBuilder;
			path = Vendors/StaticTableViewBuilder;
			sourceTree = "<group>";
		};
		C09587A316CB6218007E0119 /* Settings */ = {
			isa = PBXGroup;
			children = (
				C09587A416CB623E007E0119 /* SettingsViewController.h */,
				C09587A516CB623E007E0119 /* SettingsViewController.m */,
				86FFD3231CB906F200EF742A /* SettingsViewController.swift */,
				868799221CE629D700F5C75C /* S1LoginViewController.swift */,
				86E5C2701A0BDD19006D8D6A /* S1ReorderForumViewController.h */,
				86E5C2711A0BDD19006D8D6A /* S1ReorderForumViewController.m */,
				8605636C1B88222100E1D63E /* S1CloudKitViewController.h */,
				8605636D1B88222100E1D63E /* S1CloudKitViewController.m */,
			);
			name = Settings;
			sourceTree = "<group>";
		};
		C0AEAE8416F6267800CB0E71 /* MTStatusBarOverlay */ = {
			isa = PBXGroup;
			children = (
				C0AEAE8516F6267900CB0E71 /* MTStatusBarOverlay.h */,
				C0AEAE8616F6267900CB0E71 /* MTStatusBarOverlay.m */,
			);
			name = MTStatusBarOverlay;
			path = Vendors/MTStatusBarOverlay;
			sourceTree = "<group>";
		};
/* End PBXGroup section */

/* Begin PBXNativeTarget section */
		8681E6BB1CEF61ED004269D3 /* Stage1stTests */ = {
			isa = PBXNativeTarget;
			buildConfigurationList = 8681E6C31CEF61ED004269D3 /* Build configuration list for PBXNativeTarget "Stage1stTests" */;
			buildPhases = (
				AF3DADA4A6CB5B70C1F19FF6 /* [CP] Check Pods Manifest.lock */,
				8681E6B81CEF61ED004269D3 /* Sources */,
				8681E6B91CEF61ED004269D3 /* Frameworks */,
				8681E6BA1CEF61ED004269D3 /* Resources */,
				B069CC2AD31FD71879687552 /* [CP] Embed Pods Frameworks */,
				98E8DF324AB67296F0F42131 /* [CP] Copy Pods Resources */,
			);
			buildRules = (
			);
			dependencies = (
				8681E6C21CEF61ED004269D3 /* PBXTargetDependency */,
			);
			name = Stage1stTests;
			productName = Stage1stTests;
			productReference = 8681E6BC1CEF61ED004269D3 /* Stage1stTests.xctest */;
			productType = "com.apple.product-type.bundle.unit-test";
		};
		C095873316CA8A36007E0119 /* Stage1st */ = {
			isa = PBXNativeTarget;
			buildConfigurationList = C095875116CA8A36007E0119 /* Build configuration list for PBXNativeTarget "Stage1st" */;
			buildPhases = (
				9CEB48858BDA6BB93C693500 /* [CP] Check Pods Manifest.lock */,
				C095873016CA8A36007E0119 /* Sources */,
				C095873116CA8A36007E0119 /* Frameworks */,
				C095873216CA8A36007E0119 /* Resources */,
				86221B871CA6719400015522 /* Swiftlint */,
				864E51F81BFAAF3B00CAF010 /* Setup Fabric */,
				86A766CF1BA43703009BAD0D /* Auto Increase Build Number */,
				FEA0C5DDF38BA7893E28CD69 /* [CP] Embed Pods Frameworks */,
				93822A73E7096B319B5F9598 /* [CP] Copy Pods Resources */,
				869D687B1D8C290A0039D4CB /* Embed Frameworks */,
			);
			buildRules = (
			);
			dependencies = (
			);
			name = Stage1st;
			productName = Stage1st;
			productReference = C095873416CA8A36007E0119 /* Stage1st.app */;
			productType = "com.apple.product-type.application";
		};
/* End PBXNativeTarget section */

/* Begin PBXProject section */
		C095872C16CA8A36007E0119 /* Project object */ = {
			isa = PBXProject;
			attributes = {
				CLASSPREFIX = S1;
				LastSwiftMigration = 0710;
				LastSwiftUpdateCheck = 0730;
				LastUpgradeCheck = 0800;
				ORGANIZATIONNAME = Renaissance;
				TargetAttributes = {
					8681E6BB1CEF61ED004269D3 = {
						CreatedOnToolsVersion = 7.3.1;
						LastSwiftMigration = 0800;
						TestTargetID = C095873316CA8A36007E0119;
					};
					C095873316CA8A36007E0119 = {
						DevelopmentTeam = ZXQ9B2EVU5;
						LastSwiftMigration = 0800;
						SystemCapabilities = {
							com.apple.BackgroundModes = {
								enabled = 1;
							};
							com.apple.Push = {
								enabled = 1;
							};
							com.apple.iCloud = {
								enabled = 1;
							};
						};
					};
				};
			};
			buildConfigurationList = C095872F16CA8A36007E0119 /* Build configuration list for PBXProject "Stage1st" */;
			compatibilityVersion = "Xcode 3.2";
			developmentRegion = English;
			hasScannedForEncodings = 0;
			knownRegions = (
				en,
				"zh-Hans",
				Base,
			);
			mainGroup = C095872B16CA8A36007E0119;
			productRefGroup = C095873516CA8A36007E0119 /* Products */;
			projectDirPath = "";
			projectRoot = "";
			targets = (
				C095873316CA8A36007E0119 /* Stage1st */,
				8681E6BB1CEF61ED004269D3 /* Stage1stTests */,
			);
		};
/* End PBXProject section */

/* Begin PBXResourcesBuildPhase section */
		8681E6BA1CEF61ED004269D3 /* Resources */ = {
			isa = PBXResourcesBuildPhase;
			buildActionMask = 2147483647;
			files = (
			);
			runOnlyForDeploymentPostprocessing = 0;
		};
		C095873216CA8A36007E0119 /* Resources */ = {
			isa = PBXResourcesBuildPhase;
			buildActionMask = 2147483647;
			files = (
				86600FBC1AAD969D004394E6 /* MahjongMap.plist in Resources */,
				86038F441B5B3DA400F84F1A /* ColorMap.plist in Resources */,
				865673191A7A7B190025D22E /* Settings.storyboard in Resources */,
				86DD5BFC1B57754E00A6FD34 /* DefaultPalette.plist in Resources */,
				86EBF1EF1CE6F19D00641A2D /* WebTemplate.bundle in Resources */,
				864E1CC219C34E5B00350FA6 /* LaunchScreen.storyboard in Resources */,
				C095874216CA8A36007E0119 /* Localizable.strings in Resources */,
				C08DB46F16DE41FB002B4A92 /* Mahjong in Resources */,
				860DAD4D18900A1D0098EA3F /* resources.xcassets in Resources */,
				86CA71E41B1B706B00204A5C /* MahjongCategoryOrder.plist in Resources */,
				86BA383B1C0635EC00D508AC /* DarkPalette2.plist in Resources */,
				86DD5BFE1B577CAA00A6FD34 /* DarkPalette.plist in Resources */,
				C083351616E34DCF0035C1AA /* ForumKeyMap.plist in Resources */,
				C083353716E4FB220035C1AA /* InitialOrder.plist in Resources */,
			);
			runOnlyForDeploymentPostprocessing = 0;
		};
/* End PBXResourcesBuildPhase section */

/* Begin PBXShellScriptBuildPhase section */
		86221B871CA6719400015522 /* Swiftlint */ = {
			isa = PBXShellScriptBuildPhase;
			buildActionMask = 2147483647;
			files = (
			);
			inputPaths = (
			);
			name = Swiftlint;
			outputPaths = (
			);
			runOnlyForDeploymentPostprocessing = 0;
			shellPath = /bin/sh;
			shellScript = "if which swiftlint >/dev/null; then\n    swiftlint\nelse\n    echo \"warning: SwiftLint not installed, download from https://github.com/realm/SwiftLint\"\nfi";
		};
		864E51F81BFAAF3B00CAF010 /* Setup Fabric */ = {
			isa = PBXShellScriptBuildPhase;
			buildActionMask = 2147483647;
			files = (
			);
			inputPaths = (
			);
			name = "Setup Fabric";
			outputPaths = (
			);
			runOnlyForDeploymentPostprocessing = 0;
			shellPath = /bin/sh;
			shellScript = "\"${PODS_ROOT}/Fabric/run\" 9c2555274ce1394305fd28e35310ab35c425d0e3 67779c61b0098102e5eb69534c83c3bdf063b0554bc3e1c7a76c3765524a67f5";
		};
		86A766CF1BA43703009BAD0D /* Auto Increase Build Number */ = {
			isa = PBXShellScriptBuildPhase;
			buildActionMask = 2147483647;
			files = (
			);
			inputPaths = (
			);
			name = "Auto Increase Build Number";
			outputPaths = (
			);
			runOnlyForDeploymentPostprocessing = 0;
			shellPath = /bin/bash;
			shellScript = "#!/bin/bash\n# Auto Increment Version Script\nREV=`git rev-list develop | wc -l | awk '{print $1}'`\n/usr/libexec/PlistBuddy -c \"Set :CFBundleVersion ${REV}\" \"$INFOPLIST_FILE\"\n\nCFBundleVersion=$(/usr/libexec/PlistBuddy -c \"Print CFBundleVersion\" \"$INFOPLIST_FILE\")\nBUILD_NR=$((${CFBundleVersion} + 4000))\nCFBundleVersion=$BUILD_NR\n/usr/libexec/PlistBuddy -c \"Set :CFBundleVersion $CFBundleVersion\" \"$INFOPLIST_FILE\"";
		};
		93822A73E7096B319B5F9598 /* [CP] Copy Pods Resources */ = {
			isa = PBXShellScriptBuildPhase;
			buildActionMask = 2147483647;
			files = (
			);
			inputPaths = (
			);
			name = "[CP] Copy Pods Resources";
			outputPaths = (
			);
			runOnlyForDeploymentPostprocessing = 0;
			shellPath = /bin/sh;
			shellScript = "\"${SRCROOT}/Pods/Target Support Files/Pods-Stage1st/Pods-Stage1st-resources.sh\"\n";
			showEnvVarsInLog = 0;
		};
		98E8DF324AB67296F0F42131 /* [CP] Copy Pods Resources */ = {
			isa = PBXShellScriptBuildPhase;
			buildActionMask = 2147483647;
			files = (
			);
			inputPaths = (
			);
			name = "[CP] Copy Pods Resources";
			outputPaths = (
			);
			runOnlyForDeploymentPostprocessing = 0;
			shellPath = /bin/sh;
			shellScript = "\"${SRCROOT}/Pods/Target Support Files/Pods-Stage1stTests/Pods-Stage1stTests-resources.sh\"\n";
			showEnvVarsInLog = 0;
		};
		9CEB48858BDA6BB93C693500 /* [CP] Check Pods Manifest.lock */ = {
			isa = PBXShellScriptBuildPhase;
			buildActionMask = 2147483647;
			files = (
			);
			inputPaths = (
			);
			name = "[CP] Check Pods Manifest.lock";
			outputPaths = (
			);
			runOnlyForDeploymentPostprocessing = 0;
			shellPath = /bin/sh;
			shellScript = "diff \"${PODS_ROOT}/../Podfile.lock\" \"${PODS_ROOT}/Manifest.lock\" > /dev/null\nif [ $? != 0 ] ; then\n    # print error to STDERR\n    echo \"error: The sandbox is not in sync with the Podfile.lock. Run 'pod install' or update your CocoaPods installation.\" >&2\n    exit 1\nfi\n";
			showEnvVarsInLog = 0;
		};
		AF3DADA4A6CB5B70C1F19FF6 /* [CP] Check Pods Manifest.lock */ = {
			isa = PBXShellScriptBuildPhase;
			buildActionMask = 2147483647;
			files = (
			);
			inputPaths = (
			);
			name = "[CP] Check Pods Manifest.lock";
			outputPaths = (
			);
			runOnlyForDeploymentPostprocessing = 0;
			shellPath = /bin/sh;
			shellScript = "diff \"${PODS_ROOT}/../Podfile.lock\" \"${PODS_ROOT}/Manifest.lock\" > /dev/null\nif [ $? != 0 ] ; then\n    # print error to STDERR\n    echo \"error: The sandbox is not in sync with the Podfile.lock. Run 'pod install' or update your CocoaPods installation.\" >&2\n    exit 1\nfi\n";
			showEnvVarsInLog = 0;
		};
		B069CC2AD31FD71879687552 /* [CP] Embed Pods Frameworks */ = {
			isa = PBXShellScriptBuildPhase;
			buildActionMask = 2147483647;
			files = (
			);
			inputPaths = (
			);
			name = "[CP] Embed Pods Frameworks";
			outputPaths = (
			);
			runOnlyForDeploymentPostprocessing = 0;
			shellPath = /bin/sh;
			shellScript = "\"${SRCROOT}/Pods/Target Support Files/Pods-Stage1stTests/Pods-Stage1stTests-frameworks.sh\"\n";
			showEnvVarsInLog = 0;
		};
		FEA0C5DDF38BA7893E28CD69 /* [CP] Embed Pods Frameworks */ = {
			isa = PBXShellScriptBuildPhase;
			buildActionMask = 2147483647;
			files = (
			);
			inputPaths = (
			);
			name = "[CP] Embed Pods Frameworks";
			outputPaths = (
			);
			runOnlyForDeploymentPostprocessing = 0;
			shellPath = /bin/sh;
			shellScript = "\"${SRCROOT}/Pods/Target Support Files/Pods-Stage1st/Pods-Stage1st-frameworks.sh\"\n";
			showEnvVarsInLog = 0;
		};
/* End PBXShellScriptBuildPhase section */

/* Begin PBXSourcesBuildPhase section */
		8681E6B81CEF61ED004269D3 /* Sources */ = {
			isa = PBXSourcesBuildPhase;
			buildActionMask = 2147483647;
			files = (
				86FD82781CF9A75600C9700E /* S1FoundationTests.swift in Sources */,
				8681E6BF1CEF61ED004269D3 /* Stage1stTests.swift in Sources */,
			);
			runOnlyForDeploymentPostprocessing = 0;
		};
		C095873016CA8A36007E0119 /* Sources */ = {
			isa = PBXSourcesBuildPhase;
			buildActionMask = 2147483647;
			files = (
				C095874416CA8A36007E0119 /* main.m in Sources */,
				8693431A19E5A074008F7A58 /* S1ContentViewModel.m in Sources */,
				C095874816CA8A36007E0119 /* S1AppDelegate.m in Sources */,
				862F51BF189136000038A289 /* XPathQuery.m in Sources */,
				86AF9E3B1CF434EC008C7E8D /* DiscuzAPIManager+Teleport.swift in Sources */,
				8687C7BE1DA0BA630038A2F6 /* MahjongFaceItem.swift in Sources */,
				86F312EA1C4F54100026D6BB /* QuoteFloorCell.swift in Sources */,
				862DB7AA1C8AB1870068F75F /* User.swift in Sources */,
				868799211CE629BE00F5C75C /* JASON+Alamofire.swift in Sources */,
				86FFD3261CB90C1E00EF742A /* TopicListViewController.swift in Sources */,
				867C7F5F1899420D00DF55E8 /* REComposeSheetView.m in Sources */,
				C095877F16CA8E7E007E0119 /* S1Topic.m in Sources */,
				8671E5711CFDEB3E00F4A854 /* UserViewModel.swift in Sources */,
				C095878B16CA993A007E0119 /* S1ContentViewController.m in Sources */,
				86A22D261D69BB1D004D2307 /* ReportComposeViewController.swift in Sources */,
				86D20FE21CA6B638003F2691 /* DDErrorLevelFormatter.m in Sources */,
				86E5F1DE1C8BDD4100DFFF12 /* CrashlyticsLogger.m in Sources */,
				86040B8019DE3A74004BF2BC /* S1DataCenter.m in Sources */,
				8605636E1B88222100E1D63E /* S1CloudKitViewController.m in Sources */,
				C095878E16CA9959007E0119 /* S1TopicListViewController.m in Sources */,
				C095879D16CB61FC007E0119 /* GSReorderableTableViewController.m in Sources */,
				C095879E16CB61FC007E0119 /* GSRow.m in Sources */,
				86040B8319DE3B0B004BF2BC /* S1NetworkManager.m in Sources */,
				860223521895051400A3E66E /* S1Global.m in Sources */,
				8681E6B71CEF4683004269D3 /* Topic.swift in Sources */,
				862F51BD189136000038A289 /* TFHpple.m in Sources */,
				86CA71DF1B19548E00204A5C /* S1MahjongFacePageView.m in Sources */,
				C095879F16CB61FC007E0119 /* GSSection.m in Sources */,
				C09587A016CB61FC007E0119 /* GSSingleSelectionTableViewController.m in Sources */,
				869CAF111A18831D00EB2BF4 /* NavigationControllerDelegate.m in Sources */,
				86319B411CA69EEB004F7586 /* Floor.swift in Sources */,
				C09587A116CB61FC007E0119 /* GSStaticTableViewController.m in Sources */,
				867C7F611899420D00DF55E8 /* REComposeViewController.m in Sources */,
				86E5C2721A0BDD19006D8D6A /* S1ReorderForumViewController.m in Sources */,
				868A98051CA7F22500498C38 /* AnimationButton.swift in Sources */,
				8661263C1CB289EF00180C6A /* S1AppDelegate.swift in Sources */,
				86B052F21B0B04AD00CBEF54 /* NSAttributedString+MahjongFaceExtension.m in Sources */,
				C09587A216CB61FC007E0119 /* UIControl+BlockWrapper.m in Sources */,
				8694BCD81CED9AD400756C4A /* S1TopicListViewModel.swift in Sources */,
				C09587A616CB623E007E0119 /* SettingsViewController.m in Sources */,
				C05286C316D3428E000B0DBD /* S1Parser.m in Sources */,
				860573591B762C3B00C70781 /* CloudKitManager.m in Sources */,
				86FFD3241CB906F200EF742A /* SettingsViewController.swift in Sources */,
				86221B861CA65E3600015522 /* S1Utility.swift in Sources */,
				868799231CE629D700F5C75C /* S1LoginViewController.swift in Sources */,
				86FEACE61CDF5F5B00ECD694 /* DiscuzAPIManager.swift in Sources */,
				86991FD9188E76E800B7054F /* S1TopicListCellSubView.m in Sources */,
				86FFD3281CB95F1500EF742A /* ContentViewController.swift in Sources */,
				C05286C616D3B881000B0DBD /* S1HTTPSessionManager.m in Sources */,
				86221B841CA6594D00015522 /* S1ContentViewModel.swift in Sources */,
				C090DA8F16D8F39F00BF7780 /* S1HUD.m in Sources */,
				C08A441016DA779E003BF44C /* S1URLCache.m in Sources */,
				86DD319F1D129406009C2F44 /* Poll.swift in Sources */,
				C08DB46916DE3152002B4A92 /* S1TopicListCell.m in Sources */,
				C08334F516E2245B0035C1AA /* ODRefreshControl.m in Sources */,
				8605735A1B762C3B00C70781 /* DatabaseManager.m in Sources */,
				C08334F816E22E1F0035C1AA /* S1TabBar.m in Sources */,
				862DB7A21C8AB0000068F75F /* ColorManager.swift in Sources */,
				869E023A1DA67293006A45FE /* ActivityItemProvider.swift in Sources */,
				866CDB971B526DB100FBB133 /* S1QuoteFloorViewController.swift in Sources */,
				C083351916E363870035C1AA /* S1Tracer.m in Sources */,
				860573521B76290D00C70781 /* S1YapDatabaseAdapter.m in Sources */,
				86EF6CEA1C6879D7007ADEE4 /* QuoteFloorViewModel.swift in Sources */,
				86CA71E21B197D7B00204A5C /* S1MahjongFaceButton.m in Sources */,
				862DB7A31C8AB0000068F75F /* PullToActionController.swift in Sources */,
				86BA383D1C0A106E00D508AC /* S1Application.swift in Sources */,
				8605735B1B762C3B00C70781 /* MyDatabaseObject.m in Sources */,
				862F51BE189136000038A289 /* TFHppleElement.m in Sources */,
				8694BCD61CEC42C200756C4A /* WebViewController.swift in Sources */,
				86EBF1F11CE720FB00641A2D /* S1Animator.swift in Sources */,
				867C7F5C1899420D00DF55E8 /* DEComposeTextView.m in Sources */,
				865BE0EC1AB6F08C0097BB59 /* S1MahjongFaceView.m in Sources */,
				8607E40C1D8EFEE0009B16D8 /* CacheDatabaseManager.swift in Sources */,
				86B052F01B0B039000CBEF54 /* S1MahjongFaceTextAttachment.m in Sources */,
				862DB7A71C8AB1680068F75F /* ReplyAccessoryView.swift in Sources */,
				C083353F16E647A80035C1AA /* GTMNSString+HTML.m in Sources */,
				C0AEAE8716F6267900CB0E71 /* MTStatusBarOverlay.m in Sources */,
				86A393C61DA64DCB00E30C01 /* UIScrollView+WKWebViewHack.m in Sources */,
				862DB79A1C8891070068F75F /* UserViewController.swift in Sources */,
			);
			runOnlyForDeploymentPostprocessing = 0;
		};
/* End PBXSourcesBuildPhase section */

/* Begin PBXTargetDependency section */
		8681E6C21CEF61ED004269D3 /* PBXTargetDependency */ = {
			isa = PBXTargetDependency;
			target = C095873316CA8A36007E0119 /* Stage1st */;
			targetProxy = 8681E6C11CEF61ED004269D3 /* PBXContainerItemProxy */;
		};
/* End PBXTargetDependency section */

/* Begin PBXVariantGroup section */
		865673171A7A7B190025D22E /* Settings.storyboard */ = {
			isa = PBXVariantGroup;
			children = (
				865673181A7A7B190025D22E /* Base */,
				86E4396D1BEC471900027FFA /* en */,
				86E4396F1BEC478700027FFA /* zh-Hans */,
			);
			name = Settings.storyboard;
			sourceTree = "<group>";
		};
		C095874016CA8A36007E0119 /* Localizable.strings */ = {
			isa = PBXVariantGroup;
			children = (
				C095874116CA8A36007E0119 /* en */,
				86ADC88E189CC1BE0036D669 /* zh-Hans */,
			);
			name = Localizable.strings;
			path = Stage1st;
			sourceTree = "<group>";
		};
/* End PBXVariantGroup section */

/* Begin XCBuildConfiguration section */
		8681E6C41CEF61ED004269D3 /* Debug */ = {
			isa = XCBuildConfiguration;
			baseConfigurationReference = CC2DA46B733F2DE1887C78AE /* Pods-Stage1stTests.debug.xcconfig */;
			buildSettings = {
				ALWAYS_EMBED_SWIFT_STANDARD_LIBRARIES = YES;
				BUNDLE_LOADER = "$(TEST_HOST)";
				CLANG_ANALYZER_NONNULL = YES;
				CLANG_ENABLE_MODULES = YES;
				CLANG_WARN_BOOL_CONVERSION = YES;
				CLANG_WARN_DIRECT_OBJC_ISA_USAGE = YES_ERROR;
				CLANG_WARN_OBJC_ROOT_CLASS = YES_ERROR;
				CLANG_WARN_UNREACHABLE_CODE = YES;
				DEBUG_INFORMATION_FORMAT = dwarf;
				ENABLE_STRICT_OBJC_MSGSEND = YES;
				GCC_NO_COMMON_BLOCKS = YES;
				GCC_WARN_64_TO_32_BIT_CONVERSION = YES;
				GCC_WARN_ABOUT_RETURN_TYPE = YES_ERROR;
				GCC_WARN_UNDECLARED_SELECTOR = YES;
				GCC_WARN_UNINITIALIZED_AUTOS = YES_AGGRESSIVE;
				GCC_WARN_UNUSED_FUNCTION = YES;
				INFOPLIST_FILE = Stage1stTests/Info.plist;
				IPHONEOS_DEPLOYMENT_TARGET = 9.3;
				LD_RUNPATH_SEARCH_PATHS = "$(inherited) @executable_path/Frameworks @loader_path/Frameworks";
				MTL_ENABLE_DEBUG_INFO = YES;
				PRODUCT_BUNDLE_IDENTIFIER = com.ain.Stage1stTests;
				PRODUCT_NAME = "$(TARGET_NAME)";
				SWIFT_OPTIMIZATION_LEVEL = "-Onone";
				SWIFT_VERSION = 3.0;
				TEST_HOST = "$(BUILT_PRODUCTS_DIR)/Stage1st.app/Stage1st";
			};
			name = Debug;
		};
		8681E6C51CEF61ED004269D3 /* Release */ = {
			isa = XCBuildConfiguration;
			baseConfigurationReference = E95A18822A9B28E3E7E48592 /* Pods-Stage1stTests.release.xcconfig */;
			buildSettings = {
				ALWAYS_EMBED_SWIFT_STANDARD_LIBRARIES = YES;
				BUNDLE_LOADER = "$(TEST_HOST)";
				CLANG_ANALYZER_NONNULL = YES;
				CLANG_ENABLE_MODULES = YES;
				CLANG_WARN_BOOL_CONVERSION = YES;
				CLANG_WARN_DIRECT_OBJC_ISA_USAGE = YES_ERROR;
				CLANG_WARN_OBJC_ROOT_CLASS = YES_ERROR;
				CLANG_WARN_UNREACHABLE_CODE = YES;
				COPY_PHASE_STRIP = NO;
				DEBUG_INFORMATION_FORMAT = "dwarf-with-dsym";
				ENABLE_NS_ASSERTIONS = NO;
				ENABLE_STRICT_OBJC_MSGSEND = YES;
				GCC_NO_COMMON_BLOCKS = YES;
				GCC_WARN_64_TO_32_BIT_CONVERSION = YES;
				GCC_WARN_ABOUT_RETURN_TYPE = YES_ERROR;
				GCC_WARN_UNDECLARED_SELECTOR = YES;
				GCC_WARN_UNINITIALIZED_AUTOS = YES_AGGRESSIVE;
				GCC_WARN_UNUSED_FUNCTION = YES;
				INFOPLIST_FILE = Stage1stTests/Info.plist;
				IPHONEOS_DEPLOYMENT_TARGET = 9.3;
				LD_RUNPATH_SEARCH_PATHS = "$(inherited) @executable_path/Frameworks @loader_path/Frameworks";
				MTL_ENABLE_DEBUG_INFO = NO;
				PRODUCT_BUNDLE_IDENTIFIER = com.ain.Stage1stTests;
				PRODUCT_NAME = "$(TARGET_NAME)";
				SWIFT_VERSION = 3.0;
				TEST_HOST = "$(BUILT_PRODUCTS_DIR)/Stage1st.app/Stage1st";
			};
			name = Release;
		};
		C095874F16CA8A36007E0119 /* Debug */ = {
			isa = XCBuildConfiguration;
			buildSettings = {
				ALWAYS_SEARCH_USER_PATHS = NO;
				CLANG_ANALYZER_LOCALIZABILITY_NONLOCALIZED = YES;
				CLANG_CXX_LANGUAGE_STANDARD = "gnu++0x";
				CLANG_CXX_LIBRARY = "libc++";
				CLANG_ENABLE_OBJC_ARC = YES;
				CLANG_WARN_BOOL_CONVERSION = YES;
				CLANG_WARN_CONSTANT_CONVERSION = YES;
				CLANG_WARN_EMPTY_BODY = YES;
				CLANG_WARN_ENUM_CONVERSION = YES;
				CLANG_WARN_INFINITE_RECURSION = YES;
				CLANG_WARN_INT_CONVERSION = YES;
				CLANG_WARN_SUSPICIOUS_MOVE = YES;
				CLANG_WARN_UNREACHABLE_CODE = YES;
				CLANG_WARN__DUPLICATE_METHOD_MATCH = YES;
				"CODE_SIGN_IDENTITY[sdk=iphoneos*]" = "iPhone Developer";
				COPY_PHASE_STRIP = NO;
				ENABLE_STRICT_OBJC_MSGSEND = YES;
				ENABLE_TESTABILITY = YES;
				GCC_C_LANGUAGE_STANDARD = gnu99;
				GCC_DYNAMIC_NO_PIC = NO;
				GCC_NO_COMMON_BLOCKS = YES;
				GCC_OPTIMIZATION_LEVEL = 0;
				GCC_PREPROCESSOR_DEFINITIONS = (
					"DEBUG=1",
					"$(inherited)",
				);
				GCC_SYMBOLS_PRIVATE_EXTERN = NO;
				GCC_WARN_64_TO_32_BIT_CONVERSION = YES;
				GCC_WARN_ABOUT_RETURN_TYPE = YES;
				GCC_WARN_UNDECLARED_SELECTOR = YES;
				GCC_WARN_UNINITIALIZED_AUTOS = YES;
				GCC_WARN_UNUSED_FUNCTION = YES;
				GCC_WARN_UNUSED_VARIABLE = YES;
				IPHONEOS_DEPLOYMENT_TARGET = 9.0;
				ONLY_ACTIVE_ARCH = YES;
				SDKROOT = iphoneos;
			};
			name = Debug;
		};
		C095875016CA8A36007E0119 /* Release */ = {
			isa = XCBuildConfiguration;
			buildSettings = {
				ALWAYS_SEARCH_USER_PATHS = NO;
				CLANG_ANALYZER_LOCALIZABILITY_NONLOCALIZED = YES;
				CLANG_CXX_LANGUAGE_STANDARD = "gnu++0x";
				CLANG_CXX_LIBRARY = "libc++";
				CLANG_ENABLE_OBJC_ARC = YES;
				CLANG_WARN_BOOL_CONVERSION = YES;
				CLANG_WARN_CONSTANT_CONVERSION = YES;
				CLANG_WARN_EMPTY_BODY = YES;
				CLANG_WARN_ENUM_CONVERSION = YES;
				CLANG_WARN_INFINITE_RECURSION = YES;
				CLANG_WARN_INT_CONVERSION = YES;
				CLANG_WARN_SUSPICIOUS_MOVE = YES;
				CLANG_WARN_UNREACHABLE_CODE = YES;
				CLANG_WARN__DUPLICATE_METHOD_MATCH = YES;
				"CODE_SIGN_IDENTITY[sdk=iphoneos*]" = "iPhone Developer";
				COPY_PHASE_STRIP = YES;
				ENABLE_STRICT_OBJC_MSGSEND = YES;
				GCC_C_LANGUAGE_STANDARD = gnu99;
				GCC_NO_COMMON_BLOCKS = YES;
				GCC_WARN_64_TO_32_BIT_CONVERSION = YES;
				GCC_WARN_ABOUT_RETURN_TYPE = YES;
				GCC_WARN_UNDECLARED_SELECTOR = YES;
				GCC_WARN_UNINITIALIZED_AUTOS = YES;
				GCC_WARN_UNUSED_FUNCTION = YES;
				GCC_WARN_UNUSED_VARIABLE = YES;
				IPHONEOS_DEPLOYMENT_TARGET = 9.0;
				OTHER_CFLAGS = "-DNS_BLOCK_ASSERTIONS=1";
				SDKROOT = iphoneos;
				SWIFT_OPTIMIZATION_LEVEL = "-Owholemodule";
				VALIDATE_PRODUCT = YES;
			};
			name = Release;
		};
		C095875216CA8A36007E0119 /* Debug */ = {
			isa = XCBuildConfiguration;
			baseConfigurationReference = 4358B1D3313628BA0A5AAF21 /* Pods-Stage1st.debug.xcconfig */;
			buildSettings = {
				ALWAYS_EMBED_SWIFT_STANDARD_LIBRARIES = YES;
				ASSETCATALOG_COMPILER_APPICON_NAME = AppIcon;
				ASSETCATALOG_COMPILER_LAUNCHIMAGE_NAME = LaunchImage;
				CLANG_ENABLE_MODULES = YES;
				CODE_SIGN_ENTITLEMENTS = Stage1st/Stage1st.entitlements;
				CODE_SIGN_IDENTITY = "iPhone Developer";
				"CODE_SIGN_IDENTITY[sdk=iphoneos*]" = "iPhone Developer";
				DEVELOPMENT_TEAM = ZXQ9B2EVU5;
				ENABLE_BITCODE = NO;
				FRAMEWORK_SEARCH_PATHS = (
					"$(inherited)",
					"$(PROJECT_DIR)/Vendors/StaticTableViewBuilder",
				);
				GCC_PRECOMPILE_PREFIX_HEADER = YES;
				GCC_PREFIX_HEADER = Stage1st/PrefixHeader.pch;
				"HEADER_SEARCH_PATHS[arch=*]" = "${SDK_DIR}/usr/include/libxml2";
				INFOPLIST_FILE = "Stage1st/Stage1st-Info.plist";
				IPHONEOS_DEPLOYMENT_TARGET = 9.0;
				LD_RUNPATH_SEARCH_PATHS = "$(inherited) @executable_path/Frameworks";
				LIBRARY_SEARCH_PATHS = "$(inherited)";
				OTHER_SWIFT_FLAGS = "$(inherited) \"-D\" \"DEBUG\"";
				PRODUCT_BUNDLE_IDENTIFIER = Stage1st;
				PRODUCT_NAME = "$(TARGET_NAME)";
				PROVISIONING_PROFILE = "";
				SWIFT_OBJC_BRIDGING_HEADER = "Stage1st/Stage1st-Bridging-Header.h";
				SWIFT_OPTIMIZATION_LEVEL = "-Onone";
				TARGETED_DEVICE_FAMILY = "1,2";
				WRAPPER_EXTENSION = app;
			};
			name = Debug;
		};
		C095875316CA8A36007E0119 /* Release */ = {
			isa = XCBuildConfiguration;
			baseConfigurationReference = E5F83F6F9AB0F984CC62588A /* Pods-Stage1st.release.xcconfig */;
			buildSettings = {
				ALWAYS_EMBED_SWIFT_STANDARD_LIBRARIES = YES;
				ASSETCATALOG_COMPILER_APPICON_NAME = AppIcon;
				ASSETCATALOG_COMPILER_LAUNCHIMAGE_NAME = LaunchImage;
				CLANG_ENABLE_MODULES = YES;
				CODE_SIGN_ENTITLEMENTS = Stage1st/Stage1st.entitlements;
				CODE_SIGN_IDENTITY = "iPhone Developer";
				"CODE_SIGN_IDENTITY[sdk=iphoneos*]" = "iPhone Developer";
				DEVELOPMENT_TEAM = ZXQ9B2EVU5;
				ENABLE_BITCODE = YES;
				FRAMEWORK_SEARCH_PATHS = (
					"$(inherited)",
					"$(PROJECT_DIR)/Vendors/StaticTableViewBuilder",
				);
				GCC_PRECOMPILE_PREFIX_HEADER = YES;
				GCC_PREFIX_HEADER = Stage1st/PrefixHeader.pch;
				"HEADER_SEARCH_PATHS[arch=*]" = "${SDK_DIR}/usr/include/libxml2";
				INFOPLIST_FILE = "Stage1st/Stage1st-Info.plist";
				IPHONEOS_DEPLOYMENT_TARGET = 9.0;
				LD_RUNPATH_SEARCH_PATHS = "$(inherited) @executable_path/Frameworks";
				LIBRARY_SEARCH_PATHS = "$(inherited)";
				PRODUCT_BUNDLE_IDENTIFIER = Stage1st;
				PRODUCT_NAME = "$(TARGET_NAME)";
				PROVISIONING_PROFILE = "";
				SWIFT_OBJC_BRIDGING_HEADER = "Stage1st/Stage1st-Bridging-Header.h";
				SWIFT_OPTIMIZATION_LEVEL = "-Owholemodule";
				TARGETED_DEVICE_FAMILY = "1,2";
				WRAPPER_EXTENSION = app;
			};
			name = Release;
		};
/* End XCBuildConfiguration section */

/* Begin XCConfigurationList section */
		8681E6C31CEF61ED004269D3 /* Build configuration list for PBXNativeTarget "Stage1stTests" */ = {
			isa = XCConfigurationList;
			buildConfigurations = (
				8681E6C41CEF61ED004269D3 /* Debug */,
				8681E6C51CEF61ED004269D3 /* Release */,
			);
			defaultConfigurationIsVisible = 0;
			defaultConfigurationName = Release;
		};
		C095872F16CA8A36007E0119 /* Build configuration list for PBXProject "Stage1st" */ = {
			isa = XCConfigurationList;
			buildConfigurations = (
				C095874F16CA8A36007E0119 /* Debug */,
				C095875016CA8A36007E0119 /* Release */,
			);
			defaultConfigurationIsVisible = 0;
			defaultConfigurationName = Release;
		};
		C095875116CA8A36007E0119 /* Build configuration list for PBXNativeTarget "Stage1st" */ = {
			isa = XCConfigurationList;
			buildConfigurations = (
				C095875216CA8A36007E0119 /* Debug */,
				C095875316CA8A36007E0119 /* Release */,
			);
			defaultConfigurationIsVisible = 0;
			defaultConfigurationName = Release;
		};
/* End XCConfigurationList section */
	};
	rootObject = C095872C16CA8A36007E0119 /* Project object */;
}
